
Microsoft Visual Studio Solution File, Format Version 12.00
# Visual Studio Version 17
VisualStudioVersion = 17.0.31903.59
MinimumVisualStudioVersion = 10.0.40219.1
Project("{2150E333-8FDC-42A3-9474-1A3956D46DE8}") = "Engine", "Engine", "{D585295F-7994-3649-1065-7AA403C41681}"
EndProject
Project("{FAE04EC0-301F-11D3-BF4B-00C04F79EFBC}") = "FluNET.Classic.Binding", "src\Engine\FluNET.Classic.Binding\FluNET.Classic.Binding.csproj", "{6D3054B6-5286-49DD-80C6-DFFC9D505495}"
EndProject
Project("{FAE04EC0-301F-11D3-BF4B-00C04F79EFBC}") = "FluNET.Classic.Core", "src\Engine\FluNET.Classic.Core\FluNET.Classic.Core.csproj", "{599B83B2-B7CC-4055-9317-58FB0725C5E0}"
EndProject
Project("{FAE04EC0-301F-11D3-BF4B-00C04F79EFBC}") = "FluNET.Classic.Syntax", "src\Engine\FluNET.Classic.Syntax\FluNET.Classic.Syntax.csproj", "{F790116D-5CCE-4E2E-A227-1CCDBC7259B7}"
EndProject
Project("{FAE04EC0-301F-11D3-BF4B-00C04F79EFBC}") = "FluNET.Classic.Runtime", "src\Engine\FluNET.Classic.Runtime\FluNET.Classic.Runtime.csproj", "{2A82A68C-B61B-4BD8-B6A2-3BBFDBCFA9A1}"
EndProject
Project("{2150E333-8FDC-42A3-9474-1A3956D46DE8}") = "Hosts", "Hosts", "{2F3EF1A3-B2B0-B28C-122D-FFB85167A4CE}"
EndProject
Project("{FAE04EC0-301F-11D3-BF4B-00C04F79EFBC}") = "FluNET.Classic.Cli", "src\Hosts\FluNET.Classic.Cli\FluNET.Classic.Cli.csproj", "{BE467F02-22FE-4AF2-AD44-DC778C514CE3}"
EndProject
Project("{FAE04EC0-301F-11D3-BF4B-00C04F79EFBC}") = "FluNET.Classic.Hosting", "src\Hosts\FluNET.Classic.Hosting\FluNET.Classic.Hosting.csproj", "{5828974C-2ED1-4F86-811D-ABDC229FDA98}"
EndProject
Project("{FAE04EC0-301F-11D3-BF4B-00C04F79EFBC}") = "FluNET.Classic.Tooling", "src\Tooling\FluNET.Classic.Tooling\FluNET.Classic.Tooling.csproj", "{E13E16CB-15A7-45EA-84FB-6302814FF639}"
EndProject
Project("{FAE04EC0-301F-11D3-BF4B-00C04F79EFBC}") = "FluNET.Classic.Standard", "src\Modules\Standard\FluNET.Classic.Standard\FluNET.Classic.Standard.csproj", "{8C256C2A-75C1-45ED-969A-B90682AD4DD3}"
EndProject
Project("{FAE04EC0-301F-11D3-BF4B-00C04F79EFBC}") = "FluNET.Classic.Standard.Text", "src\Modules\Standard\FluNET.Classic.Standard.Text\FluNET.Classic.Standard.Text.csproj", "{73E1E8A2-4C3D-46E1-888E-393C35070C29}"
EndProject
Project("{FAE04EC0-301F-11D3-BF4B-00C04F79EFBC}") = "FluNET.Classic.Standard.Files", "src\Modules\Standard\FluNET.Classic.Standard.Files\FluNET.Classic.Standard.Files.csproj", "{E0FCB6E8-0FD7-4B66-91BF-123D0F1AFC47}"
EndProject
Project("{FAE04EC0-301F-11D3-BF4B-00C04F79EFBC}") = "FluNET.Classic.Standard.DateTime", "src\Modules\Standard\FluNET.Classic.Standard.DateTime\FluNET.Classic.Standard.DateTime.csproj", "{7CBAB2AE-ED64-46B6-895A-859928B08F09}"
EndProject
Project("{FAE04EC0-301F-11D3-BF4B-00C04F79EFBC}") = "FluNET.Classic.Standard.OS", "src\Modules\Standard\FluNET.Classic.Standard.OS\FluNET.Classic.Standard.OS.csproj", "{1DA526B1-F14B-4B46-9A2A-1EBADE70141B}"
EndProject
Project("{FAE04EC0-301F-11D3-BF4B-00C04F79EFBC}") = "FluNET.Classic.Standard.Process", "src\Modules\Standard\FluNET.Classic.Standard.Process\FluNET.Classic.Standard.Process.csproj", "{2331F9A7-8AB3-4803-B91B-CD193D769111}"
EndProject
Project("{FAE04EC0-301F-11D3-BF4B-00C04F79EFBC}") = "FluNET.Classic.Standard.Json", "src\Modules\Standard\FluNET.Classic.Standard.Json\FluNET.Classic.Standard.Json.csproj", "{0AD0F6E1-2BC6-454D-9398-1C03F5CAF26C}"
EndProject
Project("{FAE04EC0-301F-11D3-BF4B-00C04F79EFBC}") = "FluNET.Classic.Standard.Http", "src\Modules\Standard\FluNET.Classic.Standard.Http\FluNET.Classic.Standard.Http.csproj", "{30BCB960-907E-4168-8D0F-4A77F257EC34}"
EndProject
Project("{FAE04EC0-301F-11D3-BF4B-00C04F79EFBC}") = "FluNET.Classic.Standard.Collections", "src\Modules\Standard\FluNET.Classic.Standard.Collections\FluNET.Classic.Standard.Collections.csproj", "{859EB7DD-D8E6-4189-B75E-7F6B2FDC1B31}"
EndProject
Project("{FAE04EC0-301F-11D3-BF4B-00C04F79EFBC}") = "FluNET.Classic.LanguageServer", "src\Hosts\FluNET.Classic.LanguageServer\FluNET.Classic.LanguageServer.csproj", "{FA43E387-DF16-4970-87C5-C39442ED518B}"
EndProject
Project("{2150E333-8FDC-42A3-9474-1A3956D46DE8}") = "Modules", "Modules", "{CA253913-39DE-BFD0-C9A3-4B7EC6FBDF17}"
EndProject
Project("{2150E333-8FDC-42A3-9474-1A3956D46DE8}") = "Archive", "Archive", "{274BF18A-D14F-40C4-56D5-244E80D794A2}"
EndProject
Project("{FAE04EC0-301F-11D3-BF4B-00C04F79EFBC}") = "FluNET.Classic.Archive", "src\Modules\Archive\FluNET.Classic.Archive\FluNET.Classic.Archive.csproj", "{3F89BB8E-6D36-47D7-9B0C-9F168AA2D9A9}"
EndProject
Project("{2150E333-8FDC-42A3-9474-1A3956D46DE8}") = "Cache", "Cache", "{23888993-7CC9-38E9-B4E3-6583932F61C3}"
EndProject
Project("{FAE04EC0-301F-11D3-BF4B-00C04F79EFBC}") = "FluNET.Classic.Cache.Redis", "src\Modules\Cache\FluNET.Classic.Cache.Redis\FluNET.Classic.Cache.Redis.csproj", "{478EB590-4ACF-4B22-BF0D-82B5A36523FF}"
EndProject
Project("{FAE04EC0-301F-11D3-BF4B-00C04F79EFBC}") = "FluNET.Classic.Cache", "src\Modules\Cache\FluNET.Classic.Cache\FluNET.Classic.Cache.csproj", "{AD8C9B88-DBE6-4BD3-9771-F690EFAE26F5}"
EndProject
Project("{2150E333-8FDC-42A3-9474-1A3956D46DE8}") = "Cloud", "Cloud", "{1EE71D99-7E47-0813-2A10-39FB4E3C0DDC}"
EndProject
Project("{FAE04EC0-301F-11D3-BF4B-00C04F79EFBC}") = "FluNET.Classic.Cloud", "src\Modules\Cloud\FluNET.Classic.Cloud\FluNET.Classic.Cloud.csproj", "{32B485DE-1765-4253-9D6F-71CF6457D85B}"
EndProject
Project("{2150E333-8FDC-42A3-9474-1A3956D46DE8}") = "Crypto", "Crypto", "{C61AC04F-0517-BE09-B648-1B01CF353285}"
EndProject
Project("{FAE04EC0-301F-11D3-BF4B-00C04F79EFBC}") = "FluNET.Classic.Crypto", "src\Modules\Crypto\FluNET.Classic.Crypto\FluNET.Classic.Crypto.csproj", "{6DF159B0-2163-4FBF-B6C8-4DB988B3AE3E}"
EndProject
Project("{2150E333-8FDC-42A3-9474-1A3956D46DE8}") = "Csv", "Csv", "{91810E59-A8EA-317C-B296-8D9CFB55D14B}"
EndProject
Project("{FAE04EC0-301F-11D3-BF4B-00C04F79EFBC}") = "FluNET.Classic.Csv", "src\Modules\Csv\FluNET.Classic.Csv\FluNET.Classic.Csv.csproj", "{5497F20A-EB0E-4008-AD09-3C0C29F89FFA}"
EndProject
Project("{2150E333-8FDC-42A3-9474-1A3956D46DE8}") = "Ecosystem", "Ecosystem", "{1E7AA956-5BF1-DCE1-4DD9-4DF3FD3C1A1F}"
EndProject
Project("{FAE04EC0-301F-11D3-BF4B-00C04F79EFBC}") = "FluNET.Classic.Ecosystem", "src\Modules\Ecosystem\FluNET.Classic.Ecosystem\FluNET.Classic.Ecosystem.csproj", "{3730E019-F030-4B7D-BC54-AD1C60C96873}"
EndProject
Project("{FAE04EC0-301F-11D3-BF4B-00C04F79EFBC}") = "FluNET.Classic.Storage", "src\Modules\Storage\FluNET.Classic.Storage\FluNET.Classic.Storage.csproj", "{618E8AFC-8D94-47DC-B3F2-A947CADE9C1A}"
EndProject
Project("{FAE04EC0-301F-11D3-BF4B-00C04F79EFBC}") = "FluNET.Classic.Storage.FileSystem", "src\Modules\Storage\FluNET.Classic.Storage.FileSystem\FluNET.Classic.Storage.FileSystem.csproj", "{43CA5048-1E06-4963-A4A4-3AD31268C249}"
EndProject
Project("{FAE04EC0-301F-11D3-BF4B-00C04F79EFBC}") = "FluNET.Classic.Storage.Azure", "src\Modules\Storage\FluNET.Classic.Storage.Azure\FluNET.Classic.Storage.Azure.csproj", "{A5224F41-B248-4ACF-A6CB-67E621A5F59A}"
EndProject
Project("{FAE04EC0-301F-11D3-BF4B-00C04F79EFBC}") = "FluNET.Classic.Storage.S3", "src\Modules\Storage\FluNET.Classic.Storage.S3\FluNET.Classic.Storage.S3.csproj", "{317DDC9A-FD09-4338-88D3-EDFBD0B88938}"
EndProject
Project("{FAE04EC0-301F-11D3-BF4B-00C04F79EFBC}") = "FluNET.Classic.Email", "src\Modules\Email\FluNET.Classic.Email\FluNET.Classic.Email.csproj", "{5AC25216-13B1-4C63-BA16-5476BBC4DBEA}"
EndProject
Project("{FAE04EC0-301F-11D3-BF4B-00C04F79EFBC}") = "FluNET.Classic.Email.Smtp", "src\Modules\Email\FluNET.Classic.Email.Smtp\FluNET.Classic.Email.Smtp.csproj", "{4AC0FF29-0BAC-4C5F-9B93-181A8A614449}"
EndProject
Project("{FAE04EC0-301F-11D3-BF4B-00C04F79EFBC}") = "FluNET.Classic.Email.SendGrid", "src\Modules\Email\FluNET.Classic.Email.SendGrid\FluNET.Classic.Email.SendGrid.csproj", "{B473C75B-80E6-4835-A4D2-33190E8FE134}"
EndProject
Project("{FAE04EC0-301F-11D3-BF4B-00C04F79EFBC}") = "FluNET.Classic.Email.Graph", "src\Modules\Email\FluNET.Classic.Email.Graph\FluNET.Classic.Email.Graph.csproj", "{FE441CF0-8B71-402B-924D-AE035CADE4C6}"
EndProject
Project("{FAE04EC0-301F-11D3-BF4B-00C04F79EFBC}") = "FluNET.Classic.Xml", "src\Modules\Xml\FluNET.Classic.Xml\FluNET.Classic.Xml.csproj", "{D6D7B877-D295-463A-AD64-BBE10B625C81}"
EndProject
Project("{FAE04EC0-301F-11D3-BF4B-00C04F79EFBC}") = "FluNET.Classic.Network", "src\Modules\Network\FluNET.Classic.Network\FluNET.Classic.Network.csproj", "{F0567C3F-C58B-41C2-BF8B-CBCF20C1D7A2}"
EndProject
Project("{FAE04EC0-301F-11D3-BF4B-00C04F79EFBC}") = "FluNET.Classic.Web", "src\Modules\Web\FluNET.Classic.Web\FluNET.Classic.Web.csproj", "{04E85CC4-6F59-47FF-9BB8-DD5B18DD2F95}"
EndProject
Project("{FAE04EC0-301F-11D3-BF4B-00C04F79EFBC}") = "FluNET.Classic.Secrets", "src\Modules\Secrets\FluNET.Classic.Secrets\FluNET.Classic.Secrets.csproj", "{2A66AE23-BE83-42D3-8D5B-F6D67D0FE44B}"
EndProject
Project("{FAE04EC0-301F-11D3-BF4B-00C04F79EFBC}") = "FluNET.Classic.Secrets.Azure", "src\Modules\Secrets\FluNET.Classic.Secrets.Azure\FluNET.Classic.Secrets.Azure.csproj", "{314E7E39-ACF1-4AFA-9A3F-20D9F0741FE0}"
EndProject
Project("{FAE04EC0-301F-11D3-BF4B-00C04F79EFBC}") = "FluNET.Classic.Secrets.Aws", "src\Modules\Secrets\FluNET.Classic.Secrets.Aws\FluNET.Classic.Secrets.Aws.csproj", "{A99FAEBB-95EA-4395-9F7B-D2449A04F2AC}"
EndProject
Project("{FAE04EC0-301F-11D3-BF4B-00C04F79EFBC}") = "FluNET.Classic.Identity", "src\Modules\Identity\FluNET.Classic.Identity\FluNET.Classic.Identity.csproj", "{F910ED48-61F9-4FCB-95ED-2CFA04B1312E}"
EndProject
Project("{FAE04EC0-301F-11D3-BF4B-00C04F79EFBC}") = "FluNET.Classic.Sql", "src\Modules\Sql\FluNET.Classic.Sql\FluNET.Classic.Sql.csproj", "{602C6144-8D12-4D38-B65E-59A054C2A25C}"
EndProject
Project("{FAE04EC0-301F-11D3-BF4B-00C04F79EFBC}") = "FluNET.Classic.Sql.SqlServer", "src\Modules\Sql\FluNET.Classic.Sql.SqlServer\FluNET.Classic.Sql.SqlServer.csproj", "{2313491A-FD33-4A7E-9B6C-35A75D51E822}"
EndProject
Project("{FAE04EC0-301F-11D3-BF4B-00C04F79EFBC}") = "FluNET.Classic.Sql.PostgreSql", "src\Modules\Sql\FluNET.Classic.Sql.PostgreSql\FluNET.Classic.Sql.PostgreSql.csproj", "{58F0E23B-022B-44EA-80E6-430C9DEFA068}"
EndProject
Project("{FAE04EC0-301F-11D3-BF4B-00C04F79EFBC}") = "FluNET.Classic.Sql.Sqlite", "src\Modules\Sql\FluNET.Classic.Sql.Sqlite\FluNET.Classic.Sql.Sqlite.csproj", "{5B315692-6AE2-4637-9065-AE2EAE992A23}"
EndProject
Project("{FAE04EC0-301F-11D3-BF4B-00C04F79EFBC}") = "FluNET.Classic.Random", "src\Modules\Random\FluNET.Classic.Random\FluNET.Classic.Random.csproj", "{0FFF80F2-E753-4C30-AE92-07A8CD85B508}"
EndProject
Project("{FAE04EC0-301F-11D3-BF4B-00C04F79EFBC}") = "FluNET.Classic.System", "src\Modules\System\FluNET.Classic.System\FluNET.Classic.System.csproj", "{CF502A8D-4C3C-4891-935B-1715881DCAF5}"
EndProject
Project("{2150E333-8FDC-42A3-9474-1A3956D46DE8}") = "Email", "Email", "{C54764F2-D317-C05E-3708-3AAC04AAC75B}"
EndProject
Project("{2150E333-8FDC-42A3-9474-1A3956D46DE8}") = "Identity", "Identity", "{293C06CD-4E17-48BD-9F3B-B5ADDFFA9425}"
EndProject
Project("{2150E333-8FDC-42A3-9474-1A3956D46DE8}") = "Network", "Network", "{B086A171-7A4C-5971-D3E1-4B37A72E0FFF}"
EndProject
Project("{2150E333-8FDC-42A3-9474-1A3956D46DE8}") = "Random", "Random", "{025C6D89-BADF-5060-04CB-B120AC723B3B}"
EndProject
Project("{2150E333-8FDC-42A3-9474-1A3956D46DE8}") = "Secrets", "Secrets", "{C48DE5F0-FD90-9CC4-BE72-D47575E80D5E}"
EndProject
Project("{2150E333-8FDC-42A3-9474-1A3956D46DE8}") = "Sql", "Sql", "{ABC2E59C-A996-0B95-05B1-4FFA27C19BB8}"
EndProject
Project("{2150E333-8FDC-42A3-9474-1A3956D46DE8}") = "Standard", "Standard", "{58AB0698-C520-3E11-235A-4770F2EC0B89}"
EndProject
Project("{2150E333-8FDC-42A3-9474-1A3956D46DE8}") = "Storage", "Storage", "{9D2ABF85-247E-F9CA-AE28-F7D77C8FB788}"
EndProject
Project("{2150E333-8FDC-42A3-9474-1A3956D46DE8}") = "System", "System", "{406CBCBF-3E98-14B0-2758-79E71C8F6235}"
EndProject
Project("{2150E333-8FDC-42A3-9474-1A3956D46DE8}") = "Web", "Web", "{9E7CE5EA-8731-31A8-BCCF-7846AB70778A}"
EndProject
Project("{2150E333-8FDC-42A3-9474-1A3956D46DE8}") = "Xml", "Xml", "{1530C81B-2962-E41A-5E94-A53051F9E233}"
EndProject
Project("{2150E333-8FDC-42A3-9474-1A3956D46DE8}") = "Tooling", "Tooling", "{30DC08FC-3E98-6757-484C-7F83F687C538}"
EndProject
Project("{FAE04EC0-301F-11D3-BF4B-00C04F79EFBC}") = "FluNET.Classic.SDK", "src\Tooling\FluNET.Classic.SDK\FluNET.Classic.SDK.csproj", "{B7E12780-9814-45D0-B5F4-7D015C3ED5B4}"
EndProject
Project("{2150E333-8FDC-42A3-9474-1A3956D46DE8}") = "Tests", "Tests", "{0AB3BF05-4346-4AA6-1389-037BE0695223}"
EndProject
Project("{FAE04EC0-301F-11D3-BF4B-00C04F79EFBC}") = "FluNET.Classic.OutputProjectionFixture", "tests\FluNET.Classic.OutputProjectionFixture\FluNET.Classic.OutputProjectionFixture.csproj", "{8074DC62-4D05-4E3B-AF73-40BFBFDC2605}"
EndProject
Project("{FAE04EC0-301F-11D3-BF4B-00C04F79EFBC}") = "FluNET.Classic.Tests", "tests\FluNET.Classic.Tests\FluNET.Classic.Tests.csproj", "{7AB6833F-724E-494F-AFD2-BFA7B2956958}"
EndProject
Project("{FAE04EC0-301F-11D3-BF4B-00C04F79EFBC}") = "FluNET.Classic.ProcessFixture", "tests\FluNET.Classic.ProcessFixture\FluNET.Classic.ProcessFixture.csproj", "{370E54F5-74CA-4F78-96E6-5EF66569577C}"
EndProject
Global
	GlobalSection(SolutionConfigurationPlatforms) = preSolution
		Debug|Any CPU = Debug|Any CPU
		Debug|x64 = Debug|x64
		Debug|x86 = Debug|x86
		Release|Any CPU = Release|Any CPU
		Release|x64 = Release|x64
		Release|x86 = Release|x86
	EndGlobalSection
	GlobalSection(ProjectConfigurationPlatforms) = postSolution
		{6D3054B6-5286-49DD-80C6-DFFC9D505495}.Debug|Any CPU.ActiveCfg = Debug|Any CPU
		{6D3054B6-5286-49DD-80C6-DFFC9D505495}.Debug|Any CPU.Build.0 = Debug|Any CPU
		{6D3054B6-5286-49DD-80C6-DFFC9D505495}.Debug|x64.ActiveCfg = Debug|Any CPU
		{6D3054B6-5286-49DD-80C6-DFFC9D505495}.Debug|x64.Build.0 = Debug|Any CPU
		{6D3054B6-5286-49DD-80C6-DFFC9D505495}.Debug|x86.ActiveCfg = Debug|Any CPU
		{6D3054B6-5286-49DD-80C6-DFFC9D505495}.Debug|x86.Build.0 = Debug|Any CPU
		{6D3054B6-5286-49DD-80C6-DFFC9D505495}.Release|Any CPU.ActiveCfg = Release|Any CPU
		{6D3054B6-5286-49DD-80C6-DFFC9D505495}.Release|Any CPU.Build.0 = Release|Any CPU
		{6D3054B6-5286-49DD-80C6-DFFC9D505495}.Release|x64.ActiveCfg = Release|Any CPU
		{6D3054B6-5286-49DD-80C6-DFFC9D505495}.Release|x64.Build.0 = Release|Any CPU
		{6D3054B6-5286-49DD-80C6-DFFC9D505495}.Release|x86.ActiveCfg = Release|Any CPU
		{6D3054B6-5286-49DD-80C6-DFFC9D505495}.Release|x86.Build.0 = Release|Any CPU
		{599B83B2-B7CC-4055-9317-58FB0725C5E0}.Debug|Any CPU.ActiveCfg = Debug|Any CPU
		{599B83B2-B7CC-4055-9317-58FB0725C5E0}.Debug|Any CPU.Build.0 = Debug|Any CPU
		{599B83B2-B7CC-4055-9317-58FB0725C5E0}.Debug|x64.ActiveCfg = Debug|Any CPU
		{599B83B2-B7CC-4055-9317-58FB0725C5E0}.Debug|x64.Build.0 = Debug|Any CPU
		{599B83B2-B7CC-4055-9317-58FB0725C5E0}.Debug|x86.ActiveCfg = Debug|Any CPU
		{599B83B2-B7CC-4055-9317-58FB0725C5E0}.Debug|x86.Build.0 = Debug|Any CPU
		{599B83B2-B7CC-4055-9317-58FB0725C5E0}.Release|Any CPU.ActiveCfg = Release|Any CPU
		{599B83B2-B7CC-4055-9317-58FB0725C5E0}.Release|Any CPU.Build.0 = Release|Any CPU
		{599B83B2-B7CC-4055-9317-58FB0725C5E0}.Release|x64.ActiveCfg = Release|Any CPU
		{599B83B2-B7CC-4055-9317-58FB0725C5E0}.Release|x64.Build.0 = Release|Any CPU
		{599B83B2-B7CC-4055-9317-58FB0725C5E0}.Release|x86.ActiveCfg = Release|Any CPU
		{599B83B2-B7CC-4055-9317-58FB0725C5E0}.Release|x86.Build.0 = Release|Any CPU
		{F790116D-5CCE-4E2E-A227-1CCDBC7259B7}.Debug|Any CPU.ActiveCfg = Debug|Any CPU
		{F790116D-5CCE-4E2E-A227-1CCDBC7259B7}.Debug|Any CPU.Build.0 = Debug|Any CPU
		{F790116D-5CCE-4E2E-A227-1CCDBC7259B7}.Debug|x64.ActiveCfg = Debug|Any CPU
		{F790116D-5CCE-4E2E-A227-1CCDBC7259B7}.Debug|x64.Build.0 = Debug|Any CPU
		{F790116D-5CCE-4E2E-A227-1CCDBC7259B7}.Debug|x86.ActiveCfg = Debug|Any CPU
		{F790116D-5CCE-4E2E-A227-1CCDBC7259B7}.Debug|x86.Build.0 = Debug|Any CPU
		{F790116D-5CCE-4E2E-A227-1CCDBC7259B7}.Release|Any CPU.ActiveCfg = Release|Any CPU
		{F790116D-5CCE-4E2E-A227-1CCDBC7259B7}.Release|Any CPU.Build.0 = Release|Any CPU
		{F790116D-5CCE-4E2E-A227-1CCDBC7259B7}.Release|x64.ActiveCfg = Release|Any CPU
		{F790116D-5CCE-4E2E-A227-1CCDBC7259B7}.Release|x64.Build.0 = Release|Any CPU
		{F790116D-5CCE-4E2E-A227-1CCDBC7259B7}.Release|x86.ActiveCfg = Release|Any CPU
		{F790116D-5CCE-4E2E-A227-1CCDBC7259B7}.Release|x86.Build.0 = Release|Any CPU
		{2A82A68C-B61B-4BD8-B6A2-3BBFDBCFA9A1}.Debug|Any CPU.ActiveCfg = Debug|Any CPU
		{2A82A68C-B61B-4BD8-B6A2-3BBFDBCFA9A1}.Debug|Any CPU.Build.0 = Debug|Any CPU
		{2A82A68C-B61B-4BD8-B6A2-3BBFDBCFA9A1}.Debug|x64.ActiveCfg = Debug|Any CPU
		{2A82A68C-B61B-4BD8-B6A2-3BBFDBCFA9A1}.Debug|x64.Build.0 = Debug|Any CPU
		{2A82A68C-B61B-4BD8-B6A2-3BBFDBCFA9A1}.Debug|x86.ActiveCfg = Debug|Any CPU
		{2A82A68C-B61B-4BD8-B6A2-3BBFDBCFA9A1}.Debug|x86.Build.0 = Debug|Any CPU
		{2A82A68C-B61B-4BD8-B6A2-3BBFDBCFA9A1}.Release|Any CPU.ActiveCfg = Release|Any CPU
		{2A82A68C-B61B-4BD8-B6A2-3BBFDBCFA9A1}.Release|Any CPU.Build.0 = Release|Any CPU
		{2A82A68C-B61B-4BD8-B6A2-3BBFDBCFA9A1}.Release|x64.ActiveCfg = Release|Any CPU
		{2A82A68C-B61B-4BD8-B6A2-3BBFDBCFA9A1}.Release|x64.Build.0 = Release|Any CPU
		{2A82A68C-B61B-4BD8-B6A2-3BBFDBCFA9A1}.Release|x86.ActiveCfg = Release|Any CPU
		{2A82A68C-B61B-4BD8-B6A2-3BBFDBCFA9A1}.Release|x86.Build.0 = Release|Any CPU
		{BE467F02-22FE-4AF2-AD44-DC778C514CE3}.Debug|Any CPU.ActiveCfg = Debug|Any CPU
		{BE467F02-22FE-4AF2-AD44-DC778C514CE3}.Debug|Any CPU.Build.0 = Debug|Any CPU
		{BE467F02-22FE-4AF2-AD44-DC778C514CE3}.Debug|x64.ActiveCfg = Debug|Any CPU
		{BE467F02-22FE-4AF2-AD44-DC778C514CE3}.Debug|x64.Build.0 = Debug|Any CPU
		{BE467F02-22FE-4AF2-AD44-DC778C514CE3}.Debug|x86.ActiveCfg = Debug|Any CPU
		{BE467F02-22FE-4AF2-AD44-DC778C514CE3}.Debug|x86.Build.0 = Debug|Any CPU
		{BE467F02-22FE-4AF2-AD44-DC778C514CE3}.Release|Any CPU.ActiveCfg = Release|Any CPU
		{BE467F02-22FE-4AF2-AD44-DC778C514CE3}.Release|Any CPU.Build.0 = Release|Any CPU
		{BE467F02-22FE-4AF2-AD44-DC778C514CE3}.Release|x64.ActiveCfg = Release|Any CPU
		{BE467F02-22FE-4AF2-AD44-DC778C514CE3}.Release|x64.Build.0 = Release|Any CPU
		{BE467F02-22FE-4AF2-AD44-DC778C514CE3}.Release|x86.ActiveCfg = Release|Any CPU
		{BE467F02-22FE-4AF2-AD44-DC778C514CE3}.Release|x86.Build.0 = Release|Any CPU
		{5828974C-2ED1-4F86-811D-ABDC229FDA98}.Debug|Any CPU.ActiveCfg = Debug|Any CPU
		{5828974C-2ED1-4F86-811D-ABDC229FDA98}.Debug|Any CPU.Build.0 = Debug|Any CPU
		{5828974C-2ED1-4F86-811D-ABDC229FDA98}.Debug|x64.ActiveCfg = Debug|Any CPU
		{5828974C-2ED1-4F86-811D-ABDC229FDA98}.Debug|x64.Build.0 = Debug|Any CPU
		{5828974C-2ED1-4F86-811D-ABDC229FDA98}.Debug|x86.ActiveCfg = Debug|Any CPU
		{5828974C-2ED1-4F86-811D-ABDC229FDA98}.Debug|x86.Build.0 = Debug|Any CPU
		{5828974C-2ED1-4F86-811D-ABDC229FDA98}.Release|Any CPU.ActiveCfg = Release|Any CPU
		{5828974C-2ED1-4F86-811D-ABDC229FDA98}.Release|Any CPU.Build.0 = Release|Any CPU
		{5828974C-2ED1-4F86-811D-ABDC229FDA98}.Release|x64.ActiveCfg = Release|Any CPU
		{5828974C-2ED1-4F86-811D-ABDC229FDA98}.Release|x64.Build.0 = Release|Any CPU
		{5828974C-2ED1-4F86-811D-ABDC229FDA98}.Release|x86.ActiveCfg = Release|Any CPU
		{5828974C-2ED1-4F86-811D-ABDC229FDA98}.Release|x86.Build.0 = Release|Any CPU
		{E13E16CB-15A7-45EA-84FB-6302814FF639}.Debug|Any CPU.ActiveCfg = Debug|Any CPU
		{E13E16CB-15A7-45EA-84FB-6302814FF639}.Debug|Any CPU.Build.0 = Debug|Any CPU
		{E13E16CB-15A7-45EA-84FB-6302814FF639}.Debug|x64.ActiveCfg = Debug|Any CPU
		{E13E16CB-15A7-45EA-84FB-6302814FF639}.Debug|x64.Build.0 = Debug|Any CPU
		{E13E16CB-15A7-45EA-84FB-6302814FF639}.Debug|x86.ActiveCfg = Debug|Any CPU
		{E13E16CB-15A7-45EA-84FB-6302814FF639}.Debug|x86.Build.0 = Debug|Any CPU
		{E13E16CB-15A7-45EA-84FB-6302814FF639}.Release|Any CPU.ActiveCfg = Release|Any CPU
		{E13E16CB-15A7-45EA-84FB-6302814FF639}.Release|Any CPU.Build.0 = Release|Any CPU
		{E13E16CB-15A7-45EA-84FB-6302814FF639}.Release|x64.ActiveCfg = Release|Any CPU
		{E13E16CB-15A7-45EA-84FB-6302814FF639}.Release|x64.Build.0 = Release|Any CPU
		{E13E16CB-15A7-45EA-84FB-6302814FF639}.Release|x86.ActiveCfg = Release|Any CPU
		{E13E16CB-15A7-45EA-84FB-6302814FF639}.Release|x86.Build.0 = Release|Any CPU
		{8C256C2A-75C1-45ED-969A-B90682AD4DD3}.Debug|Any CPU.ActiveCfg = Debug|Any CPU
		{8C256C2A-75C1-45ED-969A-B90682AD4DD3}.Debug|Any CPU.Build.0 = Debug|Any CPU
		{8C256C2A-75C1-45ED-969A-B90682AD4DD3}.Debug|x64.ActiveCfg = Debug|Any CPU
		{8C256C2A-75C1-45ED-969A-B90682AD4DD3}.Debug|x64.Build.0 = Debug|Any CPU
		{8C256C2A-75C1-45ED-969A-B90682AD4DD3}.Debug|x86.ActiveCfg = Debug|Any CPU
		{8C256C2A-75C1-45ED-969A-B90682AD4DD3}.Debug|x86.Build.0 = Debug|Any CPU
		{8C256C2A-75C1-45ED-969A-B90682AD4DD3}.Release|Any CPU.ActiveCfg = Release|Any CPU
		{8C256C2A-75C1-45ED-969A-B90682AD4DD3}.Release|Any CPU.Build.0 = Release|Any CPU
		{8C256C2A-75C1-45ED-969A-B90682AD4DD3}.Release|x64.ActiveCfg = Release|Any CPU
		{8C256C2A-75C1-45ED-969A-B90682AD4DD3}.Release|x64.Build.0 = Release|Any CPU
		{8C256C2A-75C1-45ED-969A-B90682AD4DD3}.Release|x86.ActiveCfg = Release|Any CPU
		{8C256C2A-75C1-45ED-969A-B90682AD4DD3}.Release|x86.Build.0 = Release|Any CPU
		{73E1E8A2-4C3D-46E1-888E-393C35070C29}.Debug|Any CPU.ActiveCfg = Debug|Any CPU
		{73E1E8A2-4C3D-46E1-888E-393C35070C29}.Debug|Any CPU.Build.0 = Debug|Any CPU
		{73E1E8A2-4C3D-46E1-888E-393C35070C29}.Debug|x64.ActiveCfg = Debug|Any CPU
		{73E1E8A2-4C3D-46E1-888E-393C35070C29}.Debug|x64.Build.0 = Debug|Any CPU
		{73E1E8A2-4C3D-46E1-888E-393C35070C29}.Debug|x86.ActiveCfg = Debug|Any CPU
		{73E1E8A2-4C3D-46E1-888E-393C35070C29}.Debug|x86.Build.0 = Debug|Any CPU
		{73E1E8A2-4C3D-46E1-888E-393C35070C29}.Release|Any CPU.ActiveCfg = Release|Any CPU
		{73E1E8A2-4C3D-46E1-888E-393C35070C29}.Release|Any CPU.Build.0 = Release|Any CPU
		{73E1E8A2-4C3D-46E1-888E-393C35070C29}.Release|x64.ActiveCfg = Release|Any CPU
		{73E1E8A2-4C3D-46E1-888E-393C35070C29}.Release|x64.Build.0 = Release|Any CPU
		{73E1E8A2-4C3D-46E1-888E-393C35070C29}.Release|x86.ActiveCfg = Release|Any CPU
		{73E1E8A2-4C3D-46E1-888E-393C35070C29}.Release|x86.Build.0 = Release|Any CPU
		{E0FCB6E8-0FD7-4B66-91BF-123D0F1AFC47}.Debug|Any CPU.ActiveCfg = Debug|Any CPU
		{E0FCB6E8-0FD7-4B66-91BF-123D0F1AFC47}.Debug|Any CPU.Build.0 = Debug|Any CPU
		{E0FCB6E8-0FD7-4B66-91BF-123D0F1AFC47}.Debug|x64.ActiveCfg = Debug|Any CPU
		{E0FCB6E8-0FD7-4B66-91BF-123D0F1AFC47}.Debug|x64.Build.0 = Debug|Any CPU
		{E0FCB6E8-0FD7-4B66-91BF-123D0F1AFC47}.Debug|x86.ActiveCfg = Debug|Any CPU
		{E0FCB6E8-0FD7-4B66-91BF-123D0F1AFC47}.Debug|x86.Build.0 = Debug|Any CPU
		{E0FCB6E8-0FD7-4B66-91BF-123D0F1AFC47}.Release|Any CPU.ActiveCfg = Release|Any CPU
		{E0FCB6E8-0FD7-4B66-91BF-123D0F1AFC47}.Release|Any CPU.Build.0 = Release|Any CPU
		{E0FCB6E8-0FD7-4B66-91BF-123D0F1AFC47}.Release|x64.ActiveCfg = Release|Any CPU
		{E0FCB6E8-0FD7-4B66-91BF-123D0F1AFC47}.Release|x64.Build.0 = Release|Any CPU
		{E0FCB6E8-0FD7-4B66-91BF-123D0F1AFC47}.Release|x86.ActiveCfg = Release|Any CPU
		{E0FCB6E8-0FD7-4B66-91BF-123D0F1AFC47}.Release|x86.Build.0 = Release|Any CPU
		{7CBAB2AE-ED64-46B6-895A-859928B08F09}.Debug|Any CPU.ActiveCfg = Debug|Any CPU
		{7CBAB2AE-ED64-46B6-895A-859928B08F09}.Debug|Any CPU.Build.0 = Debug|Any CPU
		{7CBAB2AE-ED64-46B6-895A-859928B08F09}.Debug|x64.ActiveCfg = Debug|Any CPU
		{7CBAB2AE-ED64-46B6-895A-859928B08F09}.Debug|x64.Build.0 = Debug|Any CPU
		{7CBAB2AE-ED64-46B6-895A-859928B08F09}.Debug|x86.ActiveCfg = Debug|Any CPU
		{7CBAB2AE-ED64-46B6-895A-859928B08F09}.Debug|x86.Build.0 = Debug|Any CPU
		{7CBAB2AE-ED64-46B6-895A-859928B08F09}.Release|Any CPU.ActiveCfg = Release|Any CPU
		{7CBAB2AE-ED64-46B6-895A-859928B08F09}.Release|Any CPU.Build.0 = Release|Any CPU
		{7CBAB2AE-ED64-46B6-895A-859928B08F09}.Release|x64.ActiveCfg = Release|Any CPU
		{7CBAB2AE-ED64-46B6-895A-859928B08F09}.Release|x64.Build.0 = Release|Any CPU
		{7CBAB2AE-ED64-46B6-895A-859928B08F09}.Release|x86.ActiveCfg = Release|Any CPU
		{7CBAB2AE-ED64-46B6-895A-859928B08F09}.Release|x86.Build.0 = Release|Any CPU
		{1DA526B1-F14B-4B46-9A2A-1EBADE70141B}.Debug|Any CPU.ActiveCfg = Debug|Any CPU
		{1DA526B1-F14B-4B46-9A2A-1EBADE70141B}.Debug|Any CPU.Build.0 = Debug|Any CPU
		{1DA526B1-F14B-4B46-9A2A-1EBADE70141B}.Debug|x64.ActiveCfg = Debug|Any CPU
		{1DA526B1-F14B-4B46-9A2A-1EBADE70141B}.Debug|x64.Build.0 = Debug|Any CPU
		{1DA526B1-F14B-4B46-9A2A-1EBADE70141B}.Debug|x86.ActiveCfg = Debug|Any CPU
		{1DA526B1-F14B-4B46-9A2A-1EBADE70141B}.Debug|x86.Build.0 = Debug|Any CPU
		{1DA526B1-F14B-4B46-9A2A-1EBADE70141B}.Release|Any CPU.ActiveCfg = Release|Any CPU
		{1DA526B1-F14B-4B46-9A2A-1EBADE70141B}.Release|Any CPU.Build.0 = Release|Any CPU
		{1DA526B1-F14B-4B46-9A2A-1EBADE70141B}.Release|x64.ActiveCfg = Release|Any CPU
		{1DA526B1-F14B-4B46-9A2A-1EBADE70141B}.Release|x64.Build.0 = Release|Any CPU
		{1DA526B1-F14B-4B46-9A2A-1EBADE70141B}.Release|x86.ActiveCfg = Release|Any CPU
		{1DA526B1-F14B-4B46-9A2A-1EBADE70141B}.Release|x86.Build.0 = Release|Any CPU
		{2331F9A7-8AB3-4803-B91B-CD193D769111}.Debug|Any CPU.ActiveCfg = Debug|Any CPU
		{2331F9A7-8AB3-4803-B91B-CD193D769111}.Debug|Any CPU.Build.0 = Debug|Any CPU
		{2331F9A7-8AB3-4803-B91B-CD193D769111}.Debug|x64.ActiveCfg = Debug|Any CPU
		{2331F9A7-8AB3-4803-B91B-CD193D769111}.Debug|x64.Build.0 = Debug|Any CPU
		{2331F9A7-8AB3-4803-B91B-CD193D769111}.Debug|x86.ActiveCfg = Debug|Any CPU
		{2331F9A7-8AB3-4803-B91B-CD193D769111}.Debug|x86.Build.0 = Debug|Any CPU
		{2331F9A7-8AB3-4803-B91B-CD193D769111}.Release|Any CPU.ActiveCfg = Release|Any CPU
		{2331F9A7-8AB3-4803-B91B-CD193D769111}.Release|Any CPU.Build.0 = Release|Any CPU
		{2331F9A7-8AB3-4803-B91B-CD193D769111}.Release|x64.ActiveCfg = Release|Any CPU
		{2331F9A7-8AB3-4803-B91B-CD193D769111}.Release|x64.Build.0 = Release|Any CPU
		{2331F9A7-8AB3-4803-B91B-CD193D769111}.Release|x86.ActiveCfg = Release|Any CPU
		{2331F9A7-8AB3-4803-B91B-CD193D769111}.Release|x86.Build.0 = Release|Any CPU
		{0AD0F6E1-2BC6-454D-9398-1C03F5CAF26C}.Debug|Any CPU.ActiveCfg = Debug|Any CPU
		{0AD0F6E1-2BC6-454D-9398-1C03F5CAF26C}.Debug|Any CPU.Build.0 = Debug|Any CPU
		{0AD0F6E1-2BC6-454D-9398-1C03F5CAF26C}.Debug|x64.ActiveCfg = Debug|Any CPU
		{0AD0F6E1-2BC6-454D-9398-1C03F5CAF26C}.Debug|x64.Build.0 = Debug|Any CPU
		{0AD0F6E1-2BC6-454D-9398-1C03F5CAF26C}.Debug|x86.ActiveCfg = Debug|Any CPU
		{0AD0F6E1-2BC6-454D-9398-1C03F5CAF26C}.Debug|x86.Build.0 = Debug|Any CPU
		{0AD0F6E1-2BC6-454D-9398-1C03F5CAF26C}.Release|Any CPU.ActiveCfg = Release|Any CPU
		{0AD0F6E1-2BC6-454D-9398-1C03F5CAF26C}.Release|Any CPU.Build.0 = Release|Any CPU
		{0AD0F6E1-2BC6-454D-9398-1C03F5CAF26C}.Release|x64.ActiveCfg = Release|Any CPU
		{0AD0F6E1-2BC6-454D-9398-1C03F5CAF26C}.Release|x64.Build.0 = Release|Any CPU
		{0AD0F6E1-2BC6-454D-9398-1C03F5CAF26C}.Release|x86.ActiveCfg = Release|Any CPU
		{0AD0F6E1-2BC6-454D-9398-1C03F5CAF26C}.Release|x86.Build.0 = Release|Any CPU
		{30BCB960-907E-4168-8D0F-4A77F257EC34}.Debug|Any CPU.ActiveCfg = Debug|Any CPU
		{30BCB960-907E-4168-8D0F-4A77F257EC34}.Debug|Any CPU.Build.0 = Debug|Any CPU
		{30BCB960-907E-4168-8D0F-4A77F257EC34}.Debug|x64.ActiveCfg = Debug|Any CPU
		{30BCB960-907E-4168-8D0F-4A77F257EC34}.Debug|x64.Build.0 = Debug|Any CPU
		{30BCB960-907E-4168-8D0F-4A77F257EC34}.Debug|x86.ActiveCfg = Debug|Any CPU
		{30BCB960-907E-4168-8D0F-4A77F257EC34}.Debug|x86.Build.0 = Debug|Any CPU
		{30BCB960-907E-4168-8D0F-4A77F257EC34}.Release|Any CPU.ActiveCfg = Release|Any CPU
		{30BCB960-907E-4168-8D0F-4A77F257EC34}.Release|Any CPU.Build.0 = Release|Any CPU
		{30BCB960-907E-4168-8D0F-4A77F257EC34}.Release|x64.ActiveCfg = Release|Any CPU
		{30BCB960-907E-4168-8D0F-4A77F257EC34}.Release|x64.Build.0 = Release|Any CPU
		{30BCB960-907E-4168-8D0F-4A77F257EC34}.Release|x86.ActiveCfg = Release|Any CPU
		{30BCB960-907E-4168-8D0F-4A77F257EC34}.Release|x86.Build.0 = Release|Any CPU
		{859EB7DD-D8E6-4189-B75E-7F6B2FDC1B31}.Debug|Any CPU.ActiveCfg = Debug|Any CPU
		{859EB7DD-D8E6-4189-B75E-7F6B2FDC1B31}.Debug|Any CPU.Build.0 = Debug|Any CPU
		{859EB7DD-D8E6-4189-B75E-7F6B2FDC1B31}.Debug|x64.ActiveCfg = Debug|Any CPU
		{859EB7DD-D8E6-4189-B75E-7F6B2FDC1B31}.Debug|x64.Build.0 = Debug|Any CPU
		{859EB7DD-D8E6-4189-B75E-7F6B2FDC1B31}.Debug|x86.ActiveCfg = Debug|Any CPU
		{859EB7DD-D8E6-4189-B75E-7F6B2FDC1B31}.Debug|x86.Build.0 = Debug|Any CPU
		{859EB7DD-D8E6-4189-B75E-7F6B2FDC1B31}.Release|Any CPU.ActiveCfg = Release|Any CPU
		{859EB7DD-D8E6-4189-B75E-7F6B2FDC1B31}.Release|Any CPU.Build.0 = Release|Any CPU
		{859EB7DD-D8E6-4189-B75E-7F6B2FDC1B31}.Release|x64.ActiveCfg = Release|Any CPU
		{859EB7DD-D8E6-4189-B75E-7F6B2FDC1B31}.Release|x64.Build.0 = Release|Any CPU
		{859EB7DD-D8E6-4189-B75E-7F6B2FDC1B31}.Release|x86.ActiveCfg = Release|Any CPU
		{859EB7DD-D8E6-4189-B75E-7F6B2FDC1B31}.Release|x86.Build.0 = Release|Any CPU
		{FA43E387-DF16-4970-87C5-C39442ED518B}.Debug|Any CPU.ActiveCfg = Debug|Any CPU
		{FA43E387-DF16-4970-87C5-C39442ED518B}.Debug|Any CPU.Build.0 = Debug|Any CPU
		{FA43E387-DF16-4970-87C5-C39442ED518B}.Debug|x64.ActiveCfg = Debug|Any CPU
		{FA43E387-DF16-4970-87C5-C39442ED518B}.Debug|x64.Build.0 = Debug|Any CPU
		{FA43E387-DF16-4970-87C5-C39442ED518B}.Debug|x86.ActiveCfg = Debug|Any CPU
		{FA43E387-DF16-4970-87C5-C39442ED518B}.Debug|x86.Build.0 = Debug|Any CPU
		{FA43E387-DF16-4970-87C5-C39442ED518B}.Release|Any CPU.ActiveCfg = Release|Any CPU
		{FA43E387-DF16-4970-87C5-C39442ED518B}.Release|Any CPU.Build.0 = Release|Any CPU
		{FA43E387-DF16-4970-87C5-C39442ED518B}.Release|x64.ActiveCfg = Release|Any CPU
		{FA43E387-DF16-4970-87C5-C39442ED518B}.Release|x64.Build.0 = Release|Any CPU
		{FA43E387-DF16-4970-87C5-C39442ED518B}.Release|x86.ActiveCfg = Release|Any CPU
		{FA43E387-DF16-4970-87C5-C39442ED518B}.Release|x86.Build.0 = Release|Any CPU
		{3F89BB8E-6D36-47D7-9B0C-9F168AA2D9A9}.Debug|Any CPU.ActiveCfg = Debug|Any CPU
		{3F89BB8E-6D36-47D7-9B0C-9F168AA2D9A9}.Debug|Any CPU.Build.0 = Debug|Any CPU
		{3F89BB8E-6D36-47D7-9B0C-9F168AA2D9A9}.Debug|x64.ActiveCfg = Debug|Any CPU
		{3F89BB8E-6D36-47D7-9B0C-9F168AA2D9A9}.Debug|x64.Build.0 = Debug|Any CPU
		{3F89BB8E-6D36-47D7-9B0C-9F168AA2D9A9}.Debug|x86.ActiveCfg = Debug|Any CPU
		{3F89BB8E-6D36-47D7-9B0C-9F168AA2D9A9}.Debug|x86.Build.0 = Debug|Any CPU
		{3F89BB8E-6D36-47D7-9B0C-9F168AA2D9A9}.Release|Any CPU.ActiveCfg = Release|Any CPU
		{3F89BB8E-6D36-47D7-9B0C-9F168AA2D9A9}.Release|Any CPU.Build.0 = Release|Any CPU
		{3F89BB8E-6D36-47D7-9B0C-9F168AA2D9A9}.Release|x64.ActiveCfg = Release|Any CPU
		{3F89BB8E-6D36-47D7-9B0C-9F168AA2D9A9}.Release|x64.Build.0 = Release|Any CPU
		{3F89BB8E-6D36-47D7-9B0C-9F168AA2D9A9}.Release|x86.ActiveCfg = Release|Any CPU
		{3F89BB8E-6D36-47D7-9B0C-9F168AA2D9A9}.Release|x86.Build.0 = Release|Any CPU
		{478EB590-4ACF-4B22-BF0D-82B5A36523FF}.Debug|Any CPU.ActiveCfg = Debug|Any CPU
		{478EB590-4ACF-4B22-BF0D-82B5A36523FF}.Debug|Any CPU.Build.0 = Debug|Any CPU
		{478EB590-4ACF-4B22-BF0D-82B5A36523FF}.Debug|x64.ActiveCfg = Debug|Any CPU
		{478EB590-4ACF-4B22-BF0D-82B5A36523FF}.Debug|x64.Build.0 = Debug|Any CPU
		{478EB590-4ACF-4B22-BF0D-82B5A36523FF}.Debug|x86.ActiveCfg = Debug|Any CPU
		{478EB590-4ACF-4B22-BF0D-82B5A36523FF}.Debug|x86.Build.0 = Debug|Any CPU
		{478EB590-4ACF-4B22-BF0D-82B5A36523FF}.Release|Any CPU.ActiveCfg = Release|Any CPU
		{478EB590-4ACF-4B22-BF0D-82B5A36523FF}.Release|Any CPU.Build.0 = Release|Any CPU
		{478EB590-4ACF-4B22-BF0D-82B5A36523FF}.Release|x64.ActiveCfg = Release|Any CPU
		{478EB590-4ACF-4B22-BF0D-82B5A36523FF}.Release|x64.Build.0 = Release|Any CPU
		{478EB590-4ACF-4B22-BF0D-82B5A36523FF}.Release|x86.ActiveCfg = Release|Any CPU
		{478EB590-4ACF-4B22-BF0D-82B5A36523FF}.Release|x86.Build.0 = Release|Any CPU
		{AD8C9B88-DBE6-4BD3-9771-F690EFAE26F5}.Debug|Any CPU.ActiveCfg = Debug|Any CPU
		{AD8C9B88-DBE6-4BD3-9771-F690EFAE26F5}.Debug|Any CPU.Build.0 = Debug|Any CPU
		{AD8C9B88-DBE6-4BD3-9771-F690EFAE26F5}.Debug|x64.ActiveCfg = Debug|Any CPU
		{AD8C9B88-DBE6-4BD3-9771-F690EFAE26F5}.Debug|x64.Build.0 = Debug|Any CPU
		{AD8C9B88-DBE6-4BD3-9771-F690EFAE26F5}.Debug|x86.ActiveCfg = Debug|Any CPU
		{AD8C9B88-DBE6-4BD3-9771-F690EFAE26F5}.Debug|x86.Build.0 = Debug|Any CPU
		{AD8C9B88-DBE6-4BD3-9771-F690EFAE26F5}.Release|Any CPU.ActiveCfg = Release|Any CPU
		{AD8C9B88-DBE6-4BD3-9771-F690EFAE26F5}.Release|Any CPU.Build.0 = Release|Any CPU
		{AD8C9B88-DBE6-4BD3-9771-F690EFAE26F5}.Release|x64.ActiveCfg = Release|Any CPU
		{AD8C9B88-DBE6-4BD3-9771-F690EFAE26F5}.Release|x64.Build.0 = Release|Any CPU
		{AD8C9B88-DBE6-4BD3-9771-F690EFAE26F5}.Release|x86.ActiveCfg = Release|Any CPU
		{AD8C9B88-DBE6-4BD3-9771-F690EFAE26F5}.Release|x86.Build.0 = Release|Any CPU
		{32B485DE-1765-4253-9D6F-71CF6457D85B}.Debug|Any CPU.ActiveCfg = Debug|Any CPU
		{32B485DE-1765-4253-9D6F-71CF6457D85B}.Debug|Any CPU.Build.0 = Debug|Any CPU
		{32B485DE-1765-4253-9D6F-71CF6457D85B}.Debug|x64.ActiveCfg = Debug|Any CPU
		{32B485DE-1765-4253-9D6F-71CF6457D85B}.Debug|x64.Build.0 = Debug|Any CPU
		{32B485DE-1765-4253-9D6F-71CF6457D85B}.Debug|x86.ActiveCfg = Debug|Any CPU
		{32B485DE-1765-4253-9D6F-71CF6457D85B}.Debug|x86.Build.0 = Debug|Any CPU
		{32B485DE-1765-4253-9D6F-71CF6457D85B}.Release|Any CPU.ActiveCfg = Release|Any CPU
		{32B485DE-1765-4253-9D6F-71CF6457D85B}.Release|Any CPU.Build.0 = Release|Any CPU
		{32B485DE-1765-4253-9D6F-71CF6457D85B}.Release|x64.ActiveCfg = Release|Any CPU
		{32B485DE-1765-4253-9D6F-71CF6457D85B}.Release|x64.Build.0 = Release|Any CPU
		{32B485DE-1765-4253-9D6F-71CF6457D85B}.Release|x86.ActiveCfg = Release|Any CPU
		{32B485DE-1765-4253-9D6F-71CF6457D85B}.Release|x86.Build.0 = Release|Any CPU
		{6DF159B0-2163-4FBF-B6C8-4DB988B3AE3E}.Debug|Any CPU.ActiveCfg = Debug|Any CPU
		{6DF159B0-2163-4FBF-B6C8-4DB988B3AE3E}.Debug|Any CPU.Build.0 = Debug|Any CPU
		{6DF159B0-2163-4FBF-B6C8-4DB988B3AE3E}.Debug|x64.ActiveCfg = Debug|Any CPU
		{6DF159B0-2163-4FBF-B6C8-4DB988B3AE3E}.Debug|x64.Build.0 = Debug|Any CPU
		{6DF159B0-2163-4FBF-B6C8-4DB988B3AE3E}.Debug|x86.ActiveCfg = Debug|Any CPU
		{6DF159B0-2163-4FBF-B6C8-4DB988B3AE3E}.Debug|x86.Build.0 = Debug|Any CPU
		{6DF159B0-2163-4FBF-B6C8-4DB988B3AE3E}.Release|Any CPU.ActiveCfg = Release|Any CPU
		{6DF159B0-2163-4FBF-B6C8-4DB988B3AE3E}.Release|Any CPU.Build.0 = Release|Any CPU
		{6DF159B0-2163-4FBF-B6C8-4DB988B3AE3E}.Release|x64.ActiveCfg = Release|Any CPU
		{6DF159B0-2163-4FBF-B6C8-4DB988B3AE3E}.Release|x64.Build.0 = Release|Any CPU
		{6DF159B0-2163-4FBF-B6C8-4DB988B3AE3E}.Release|x86.ActiveCfg = Release|Any CPU
		{6DF159B0-2163-4FBF-B6C8-4DB988B3AE3E}.Release|x86.Build.0 = Release|Any CPU
		{5497F20A-EB0E-4008-AD09-3C0C29F89FFA}.Debug|Any CPU.ActiveCfg = Debug|Any CPU
		{5497F20A-EB0E-4008-AD09-3C0C29F89FFA}.Debug|Any CPU.Build.0 = Debug|Any CPU
		{5497F20A-EB0E-4008-AD09-3C0C29F89FFA}.Debug|x64.ActiveCfg = Debug|Any CPU
		{5497F20A-EB0E-4008-AD09-3C0C29F89FFA}.Debug|x64.Build.0 = Debug|Any CPU
		{5497F20A-EB0E-4008-AD09-3C0C29F89FFA}.Debug|x86.ActiveCfg = Debug|Any CPU
		{5497F20A-EB0E-4008-AD09-3C0C29F89FFA}.Debug|x86.Build.0 = Debug|Any CPU
		{5497F20A-EB0E-4008-AD09-3C0C29F89FFA}.Release|Any CPU.ActiveCfg = Release|Any CPU
		{5497F20A-EB0E-4008-AD09-3C0C29F89FFA}.Release|Any CPU.Build.0 = Release|Any CPU
		{5497F20A-EB0E-4008-AD09-3C0C29F89FFA}.Release|x64.ActiveCfg = Release|Any CPU
		{5497F20A-EB0E-4008-AD09-3C0C29F89FFA}.Release|x64.Build.0 = Release|Any CPU
		{5497F20A-EB0E-4008-AD09-3C0C29F89FFA}.Release|x86.ActiveCfg = Release|Any CPU
		{5497F20A-EB0E-4008-AD09-3C0C29F89FFA}.Release|x86.Build.0 = Release|Any CPU
		{3730E019-F030-4B7D-BC54-AD1C60C96873}.Debug|Any CPU.ActiveCfg = Debug|Any CPU
		{3730E019-F030-4B7D-BC54-AD1C60C96873}.Debug|Any CPU.Build.0 = Debug|Any CPU
		{3730E019-F030-4B7D-BC54-AD1C60C96873}.Debug|x64.ActiveCfg = Debug|Any CPU
		{3730E019-F030-4B7D-BC54-AD1C60C96873}.Debug|x64.Build.0 = Debug|Any CPU
		{3730E019-F030-4B7D-BC54-AD1C60C96873}.Debug|x86.ActiveCfg = Debug|Any CPU
		{3730E019-F030-4B7D-BC54-AD1C60C96873}.Debug|x86.Build.0 = Debug|Any CPU
		{3730E019-F030-4B7D-BC54-AD1C60C96873}.Release|Any CPU.ActiveCfg = Release|Any CPU
		{3730E019-F030-4B7D-BC54-AD1C60C96873}.Release|Any CPU.Build.0 = Release|Any CPU
		{3730E019-F030-4B7D-BC54-AD1C60C96873}.Release|x64.ActiveCfg = Release|Any CPU
		{3730E019-F030-4B7D-BC54-AD1C60C96873}.Release|x64.Build.0 = Release|Any CPU
		{3730E019-F030-4B7D-BC54-AD1C60C96873}.Release|x86.ActiveCfg = Release|Any CPU
		{3730E019-F030-4B7D-BC54-AD1C60C96873}.Release|x86.Build.0 = Release|Any CPU
		{618E8AFC-8D94-47DC-B3F2-A947CADE9C1A}.Debug|Any CPU.ActiveCfg = Debug|Any CPU
		{618E8AFC-8D94-47DC-B3F2-A947CADE9C1A}.Debug|Any CPU.Build.0 = Debug|Any CPU
		{618E8AFC-8D94-47DC-B3F2-A947CADE9C1A}.Debug|x64.ActiveCfg = Debug|Any CPU
		{618E8AFC-8D94-47DC-B3F2-A947CADE9C1A}.Debug|x64.Build.0 = Debug|Any CPU
		{618E8AFC-8D94-47DC-B3F2-A947CADE9C1A}.Debug|x86.ActiveCfg = Debug|Any CPU
		{618E8AFC-8D94-47DC-B3F2-A947CADE9C1A}.Debug|x86.Build.0 = Debug|Any CPU
		{618E8AFC-8D94-47DC-B3F2-A947CADE9C1A}.Release|Any CPU.ActiveCfg = Release|Any CPU
		{618E8AFC-8D94-47DC-B3F2-A947CADE9C1A}.Release|Any CPU.Build.0 = Release|Any CPU
		{618E8AFC-8D94-47DC-B3F2-A947CADE9C1A}.Release|x64.ActiveCfg = Release|Any CPU
		{618E8AFC-8D94-47DC-B3F2-A947CADE9C1A}.Release|x64.Build.0 = Release|Any CPU
		{618E8AFC-8D94-47DC-B3F2-A947CADE9C1A}.Release|x86.ActiveCfg = Release|Any CPU
		{618E8AFC-8D94-47DC-B3F2-A947CADE9C1A}.Release|x86.Build.0 = Release|Any CPU
		{43CA5048-1E06-4963-A4A4-3AD31268C249}.Debug|Any CPU.ActiveCfg = Debug|Any CPU
		{43CA5048-1E06-4963-A4A4-3AD31268C249}.Debug|Any CPU.Build.0 = Debug|Any CPU
		{43CA5048-1E06-4963-A4A4-3AD31268C249}.Debug|x64.ActiveCfg = Debug|Any CPU
		{43CA5048-1E06-4963-A4A4-3AD31268C249}.Debug|x64.Build.0 = Debug|Any CPU
		{43CA5048-1E06-4963-A4A4-3AD31268C249}.Debug|x86.ActiveCfg = Debug|Any CPU
		{43CA5048-1E06-4963-A4A4-3AD31268C249}.Debug|x86.Build.0 = Debug|Any CPU
		{43CA5048-1E06-4963-A4A4-3AD31268C249}.Release|Any CPU.ActiveCfg = Release|Any CPU
		{43CA5048-1E06-4963-A4A4-3AD31268C249}.Release|Any CPU.Build.0 = Release|Any CPU
		{43CA5048-1E06-4963-A4A4-3AD31268C249}.Release|x64.ActiveCfg = Release|Any CPU
		{43CA5048-1E06-4963-A4A4-3AD31268C249}.Release|x64.Build.0 = Release|Any CPU
		{43CA5048-1E06-4963-A4A4-3AD31268C249}.Release|x86.ActiveCfg = Release|Any CPU
		{43CA5048-1E06-4963-A4A4-3AD31268C249}.Release|x86.Build.0 = Release|Any CPU
		{A5224F41-B248-4ACF-A6CB-67E621A5F59A}.Debug|Any CPU.ActiveCfg = Debug|Any CPU
		{A5224F41-B248-4ACF-A6CB-67E621A5F59A}.Debug|Any CPU.Build.0 = Debug|Any CPU
		{A5224F41-B248-4ACF-A6CB-67E621A5F59A}.Debug|x64.ActiveCfg = Debug|Any CPU
		{A5224F41-B248-4ACF-A6CB-67E621A5F59A}.Debug|x64.Build.0 = Debug|Any CPU
		{A5224F41-B248-4ACF-A6CB-67E621A5F59A}.Debug|x86.ActiveCfg = Debug|Any CPU
		{A5224F41-B248-4ACF-A6CB-67E621A5F59A}.Debug|x86.Build.0 = Debug|Any CPU
		{A5224F41-B248-4ACF-A6CB-67E621A5F59A}.Release|Any CPU.ActiveCfg = Release|Any CPU
		{A5224F41-B248-4ACF-A6CB-67E621A5F59A}.Release|Any CPU.Build.0 = Release|Any CPU
		{A5224F41-B248-4ACF-A6CB-67E621A5F59A}.Release|x64.ActiveCfg = Release|Any CPU
		{A5224F41-B248-4ACF-A6CB-67E621A5F59A}.Release|x64.Build.0 = Release|Any CPU
		{A5224F41-B248-4ACF-A6CB-67E621A5F59A}.Release|x86.ActiveCfg = Release|Any CPU
		{A5224F41-B248-4ACF-A6CB-67E621A5F59A}.Release|x86.Build.0 = Release|Any CPU
		{317DDC9A-FD09-4338-88D3-EDFBD0B88938}.Debug|Any CPU.ActiveCfg = Debug|Any CPU
		{317DDC9A-FD09-4338-88D3-EDFBD0B88938}.Debug|Any CPU.Build.0 = Debug|Any CPU
		{317DDC9A-FD09-4338-88D3-EDFBD0B88938}.Debug|x64.ActiveCfg = Debug|Any CPU
		{317DDC9A-FD09-4338-88D3-EDFBD0B88938}.Debug|x64.Build.0 = Debug|Any CPU
		{317DDC9A-FD09-4338-88D3-EDFBD0B88938}.Debug|x86.ActiveCfg = Debug|Any CPU
		{317DDC9A-FD09-4338-88D3-EDFBD0B88938}.Debug|x86.Build.0 = Debug|Any CPU
		{317DDC9A-FD09-4338-88D3-EDFBD0B88938}.Release|Any CPU.ActiveCfg = Release|Any CPU
		{317DDC9A-FD09-4338-88D3-EDFBD0B88938}.Release|Any CPU.Build.0 = Release|Any CPU
		{317DDC9A-FD09-4338-88D3-EDFBD0B88938}.Release|x64.ActiveCfg = Release|Any CPU
		{317DDC9A-FD09-4338-88D3-EDFBD0B88938}.Release|x64.Build.0 = Release|Any CPU
		{317DDC9A-FD09-4338-88D3-EDFBD0B88938}.Release|x86.ActiveCfg = Release|Any CPU
		{317DDC9A-FD09-4338-88D3-EDFBD0B88938}.Release|x86.Build.0 = Release|Any CPU
		{5AC25216-13B1-4C63-BA16-5476BBC4DBEA}.Debug|Any CPU.ActiveCfg = Debug|Any CPU
		{5AC25216-13B1-4C63-BA16-5476BBC4DBEA}.Debug|Any CPU.Build.0 = Debug|Any CPU
		{5AC25216-13B1-4C63-BA16-5476BBC4DBEA}.Debug|x64.ActiveCfg = Debug|Any CPU
		{5AC25216-13B1-4C63-BA16-5476BBC4DBEA}.Debug|x64.Build.0 = Debug|Any CPU
		{5AC25216-13B1-4C63-BA16-5476BBC4DBEA}.Debug|x86.ActiveCfg = Debug|Any CPU
		{5AC25216-13B1-4C63-BA16-5476BBC4DBEA}.Debug|x86.Build.0 = Debug|Any CPU
		{5AC25216-13B1-4C63-BA16-5476BBC4DBEA}.Release|Any CPU.ActiveCfg = Release|Any CPU
		{5AC25216-13B1-4C63-BA16-5476BBC4DBEA}.Release|Any CPU.Build.0 = Release|Any CPU
		{5AC25216-13B1-4C63-BA16-5476BBC4DBEA}.Release|x64.ActiveCfg = Release|Any CPU
		{5AC25216-13B1-4C63-BA16-5476BBC4DBEA}.Release|x64.Build.0 = Release|Any CPU
		{5AC25216-13B1-4C63-BA16-5476BBC4DBEA}.Release|x86.ActiveCfg = Release|Any CPU
		{5AC25216-13B1-4C63-BA16-5476BBC4DBEA}.Release|x86.Build.0 = Release|Any CPU
		{4AC0FF29-0BAC-4C5F-9B93-181A8A614449}.Debug|Any CPU.ActiveCfg = Debug|Any CPU
		{4AC0FF29-0BAC-4C5F-9B93-181A8A614449}.Debug|Any CPU.Build.0 = Debug|Any CPU
		{4AC0FF29-0BAC-4C5F-9B93-181A8A614449}.Debug|x64.ActiveCfg = Debug|Any CPU
		{4AC0FF29-0BAC-4C5F-9B93-181A8A614449}.Debug|x64.Build.0 = Debug|Any CPU
		{4AC0FF29-0BAC-4C5F-9B93-181A8A614449}.Debug|x86.ActiveCfg = Debug|Any CPU
		{4AC0FF29-0BAC-4C5F-9B93-181A8A614449}.Debug|x86.Build.0 = Debug|Any CPU
		{4AC0FF29-0BAC-4C5F-9B93-181A8A614449}.Release|Any CPU.ActiveCfg = Release|Any CPU
		{4AC0FF29-0BAC-4C5F-9B93-181A8A614449}.Release|Any CPU.Build.0 = Release|Any CPU
		{4AC0FF29-0BAC-4C5F-9B93-181A8A614449}.Release|x64.ActiveCfg = Release|Any CPU
		{4AC0FF29-0BAC-4C5F-9B93-181A8A614449}.Release|x64.Build.0 = Release|Any CPU
		{4AC0FF29-0BAC-4C5F-9B93-181A8A614449}.Release|x86.ActiveCfg = Release|Any CPU
		{4AC0FF29-0BAC-4C5F-9B93-181A8A614449}.Release|x86.Build.0 = Release|Any CPU
		{B473C75B-80E6-4835-A4D2-33190E8FE134}.Debug|Any CPU.ActiveCfg = Debug|Any CPU
		{B473C75B-80E6-4835-A4D2-33190E8FE134}.Debug|Any CPU.Build.0 = Debug|Any CPU
		{B473C75B-80E6-4835-A4D2-33190E8FE134}.Debug|x64.ActiveCfg = Debug|Any CPU
		{B473C75B-80E6-4835-A4D2-33190E8FE134}.Debug|x64.Build.0 = Debug|Any CPU
		{B473C75B-80E6-4835-A4D2-33190E8FE134}.Debug|x86.ActiveCfg = Debug|Any CPU
		{B473C75B-80E6-4835-A4D2-33190E8FE134}.Debug|x86.Build.0 = Debug|Any CPU
		{B473C75B-80E6-4835-A4D2-33190E8FE134}.Release|Any CPU.ActiveCfg = Release|Any CPU
		{B473C75B-80E6-4835-A4D2-33190E8FE134}.Release|Any CPU.Build.0 = Release|Any CPU
		{B473C75B-80E6-4835-A4D2-33190E8FE134}.Release|x64.ActiveCfg = Release|Any CPU
		{B473C75B-80E6-4835-A4D2-33190E8FE134}.Release|x64.Build.0 = Release|Any CPU
		{B473C75B-80E6-4835-A4D2-33190E8FE134}.Release|x86.ActiveCfg = Release|Any CPU
		{B473C75B-80E6-4835-A4D2-33190E8FE134}.Release|x86.Build.0 = Release|Any CPU
		{FE441CF0-8B71-402B-924D-AE035CADE4C6}.Debug|Any CPU.ActiveCfg = Debug|Any CPU
		{FE441CF0-8B71-402B-924D-AE035CADE4C6}.Debug|Any CPU.Build.0 = Debug|Any CPU
		{FE441CF0-8B71-402B-924D-AE035CADE4C6}.Debug|x64.ActiveCfg = Debug|Any CPU
		{FE441CF0-8B71-402B-924D-AE035CADE4C6}.Debug|x64.Build.0 = Debug|Any CPU
		{FE441CF0-8B71-402B-924D-AE035CADE4C6}.Debug|x86.ActiveCfg = Debug|Any CPU
		{FE441CF0-8B71-402B-924D-AE035CADE4C6}.Debug|x86.Build.0 = Debug|Any CPU
		{FE441CF0-8B71-402B-924D-AE035CADE4C6}.Release|Any CPU.ActiveCfg = Release|Any CPU
		{FE441CF0-8B71-402B-924D-AE035CADE4C6}.Release|Any CPU.Build.0 = Release|Any CPU
		{FE441CF0-8B71-402B-924D-AE035CADE4C6}.Release|x64.ActiveCfg = Release|Any CPU
		{FE441CF0-8B71-402B-924D-AE035CADE4C6}.Release|x64.Build.0 = Release|Any CPU
		{FE441CF0-8B71-402B-924D-AE035CADE4C6}.Release|x86.ActiveCfg = Release|Any CPU
		{FE441CF0-8B71-402B-924D-AE035CADE4C6}.Release|x86.Build.0 = Release|Any CPU
		{D6D7B877-D295-463A-AD64-BBE10B625C81}.Debug|Any CPU.ActiveCfg = Debug|Any CPU
		{D6D7B877-D295-463A-AD64-BBE10B625C81}.Debug|Any CPU.Build.0 = Debug|Any CPU
		{D6D7B877-D295-463A-AD64-BBE10B625C81}.Debug|x64.ActiveCfg = Debug|Any CPU
		{D6D7B877-D295-463A-AD64-BBE10B625C81}.Debug|x64.Build.0 = Debug|Any CPU
		{D6D7B877-D295-463A-AD64-BBE10B625C81}.Debug|x86.ActiveCfg = Debug|Any CPU
		{D6D7B877-D295-463A-AD64-BBE10B625C81}.Debug|x86.Build.0 = Debug|Any CPU
		{D6D7B877-D295-463A-AD64-BBE10B625C81}.Release|Any CPU.ActiveCfg = Release|Any CPU
		{D6D7B877-D295-463A-AD64-BBE10B625C81}.Release|Any CPU.Build.0 = Release|Any CPU
		{D6D7B877-D295-463A-AD64-BBE10B625C81}.Release|x64.ActiveCfg = Release|Any CPU
		{D6D7B877-D295-463A-AD64-BBE10B625C81}.Release|x64.Build.0 = Release|Any CPU
		{D6D7B877-D295-463A-AD64-BBE10B625C81}.Release|x86.ActiveCfg = Release|Any CPU
		{D6D7B877-D295-463A-AD64-BBE10B625C81}.Release|x86.Build.0 = Release|Any CPU
		{F0567C3F-C58B-41C2-BF8B-CBCF20C1D7A2}.Debug|Any CPU.ActiveCfg = Debug|Any CPU
		{F0567C3F-C58B-41C2-BF8B-CBCF20C1D7A2}.Debug|Any CPU.Build.0 = Debug|Any CPU
		{F0567C3F-C58B-41C2-BF8B-CBCF20C1D7A2}.Debug|x64.ActiveCfg = Debug|Any CPU
		{F0567C3F-C58B-41C2-BF8B-CBCF20C1D7A2}.Debug|x64.Build.0 = Debug|Any CPU
		{F0567C3F-C58B-41C2-BF8B-CBCF20C1D7A2}.Debug|x86.ActiveCfg = Debug|Any CPU
		{F0567C3F-C58B-41C2-BF8B-CBCF20C1D7A2}.Debug|x86.Build.0 = Debug|Any CPU
		{F0567C3F-C58B-41C2-BF8B-CBCF20C1D7A2}.Release|Any CPU.ActiveCfg = Release|Any CPU
		{F0567C3F-C58B-41C2-BF8B-CBCF20C1D7A2}.Release|Any CPU.Build.0 = Release|Any CPU
		{F0567C3F-C58B-41C2-BF8B-CBCF20C1D7A2}.Release|x64.ActiveCfg = Release|Any CPU
		{F0567C3F-C58B-41C2-BF8B-CBCF20C1D7A2}.Release|x64.Build.0 = Release|Any CPU
		{F0567C3F-C58B-41C2-BF8B-CBCF20C1D7A2}.Release|x86.ActiveCfg = Release|Any CPU
		{F0567C3F-C58B-41C2-BF8B-CBCF20C1D7A2}.Release|x86.Build.0 = Release|Any CPU
		{04E85CC4-6F59-47FF-9BB8-DD5B18DD2F95}.Debug|Any CPU.ActiveCfg = Debug|Any CPU
		{04E85CC4-6F59-47FF-9BB8-DD5B18DD2F95}.Debug|Any CPU.Build.0 = Debug|Any CPU
		{04E85CC4-6F59-47FF-9BB8-DD5B18DD2F95}.Debug|x64.ActiveCfg = Debug|Any CPU
		{04E85CC4-6F59-47FF-9BB8-DD5B18DD2F95}.Debug|x64.Build.0 = Debug|Any CPU
		{04E85CC4-6F59-47FF-9BB8-DD5B18DD2F95}.Debug|x86.ActiveCfg = Debug|Any CPU
		{04E85CC4-6F59-47FF-9BB8-DD5B18DD2F95}.Debug|x86.Build.0 = Debug|Any CPU
		{04E85CC4-6F59-47FF-9BB8-DD5B18DD2F95}.Release|Any CPU.ActiveCfg = Release|Any CPU
		{04E85CC4-6F59-47FF-9BB8-DD5B18DD2F95}.Release|Any CPU.Build.0 = Release|Any CPU
		{04E85CC4-6F59-47FF-9BB8-DD5B18DD2F95}.Release|x64.ActiveCfg = Release|Any CPU
		{04E85CC4-6F59-47FF-9BB8-DD5B18DD2F95}.Release|x64.Build.0 = Release|Any CPU
		{04E85CC4-6F59-47FF-9BB8-DD5B18DD2F95}.Release|x86.ActiveCfg = Release|Any CPU
		{04E85CC4-6F59-47FF-9BB8-DD5B18DD2F95}.Release|x86.Build.0 = Release|Any CPU
		{2A66AE23-BE83-42D3-8D5B-F6D67D0FE44B}.Debug|Any CPU.ActiveCfg = Debug|Any CPU
		{2A66AE23-BE83-42D3-8D5B-F6D67D0FE44B}.Debug|Any CPU.Build.0 = Debug|Any CPU
		{2A66AE23-BE83-42D3-8D5B-F6D67D0FE44B}.Debug|x64.ActiveCfg = Debug|Any CPU
		{2A66AE23-BE83-42D3-8D5B-F6D67D0FE44B}.Debug|x64.Build.0 = Debug|Any CPU
		{2A66AE23-BE83-42D3-8D5B-F6D67D0FE44B}.Debug|x86.ActiveCfg = Debug|Any CPU
		{2A66AE23-BE83-42D3-8D5B-F6D67D0FE44B}.Debug|x86.Build.0 = Debug|Any CPU
		{2A66AE23-BE83-42D3-8D5B-F6D67D0FE44B}.Release|Any CPU.ActiveCfg = Release|Any CPU
		{2A66AE23-BE83-42D3-8D5B-F6D67D0FE44B}.Release|Any CPU.Build.0 = Release|Any CPU
		{2A66AE23-BE83-42D3-8D5B-F6D67D0FE44B}.Release|x64.ActiveCfg = Release|Any CPU
		{2A66AE23-BE83-42D3-8D5B-F6D67D0FE44B}.Release|x64.Build.0 = Release|Any CPU
		{2A66AE23-BE83-42D3-8D5B-F6D67D0FE44B}.Release|x86.ActiveCfg = Release|Any CPU
		{2A66AE23-BE83-42D3-8D5B-F6D67D0FE44B}.Release|x86.Build.0 = Release|Any CPU
		{314E7E39-ACF1-4AFA-9A3F-20D9F0741FE0}.Debug|Any CPU.ActiveCfg = Debug|Any CPU
		{314E7E39-ACF1-4AFA-9A3F-20D9F0741FE0}.Debug|Any CPU.Build.0 = Debug|Any CPU
		{314E7E39-ACF1-4AFA-9A3F-20D9F0741FE0}.Debug|x64.ActiveCfg = Debug|Any CPU
		{314E7E39-ACF1-4AFA-9A3F-20D9F0741FE0}.Debug|x64.Build.0 = Debug|Any CPU
		{314E7E39-ACF1-4AFA-9A3F-20D9F0741FE0}.Debug|x86.ActiveCfg = Debug|Any CPU
		{314E7E39-ACF1-4AFA-9A3F-20D9F0741FE0}.Debug|x86.Build.0 = Debug|Any CPU
		{314E7E39-ACF1-4AFA-9A3F-20D9F0741FE0}.Release|Any CPU.ActiveCfg = Release|Any CPU
		{314E7E39-ACF1-4AFA-9A3F-20D9F0741FE0}.Release|Any CPU.Build.0 = Release|Any CPU
		{314E7E39-ACF1-4AFA-9A3F-20D9F0741FE0}.Release|x64.ActiveCfg = Release|Any CPU
		{314E7E39-ACF1-4AFA-9A3F-20D9F0741FE0}.Release|x64.Build.0 = Release|Any CPU
		{314E7E39-ACF1-4AFA-9A3F-20D9F0741FE0}.Release|x86.ActiveCfg = Release|Any CPU
		{314E7E39-ACF1-4AFA-9A3F-20D9F0741FE0}.Release|x86.Build.0 = Release|Any CPU
		{A99FAEBB-95EA-4395-9F7B-D2449A04F2AC}.Debug|Any CPU.ActiveCfg = Debug|Any CPU
		{A99FAEBB-95EA-4395-9F7B-D2449A04F2AC}.Debug|Any CPU.Build.0 = Debug|Any CPU
		{A99FAEBB-95EA-4395-9F7B-D2449A04F2AC}.Debug|x64.ActiveCfg = Debug|Any CPU
		{A99FAEBB-95EA-4395-9F7B-D2449A04F2AC}.Debug|x64.Build.0 = Debug|Any CPU
		{A99FAEBB-95EA-4395-9F7B-D2449A04F2AC}.Debug|x86.ActiveCfg = Debug|Any CPU
		{A99FAEBB-95EA-4395-9F7B-D2449A04F2AC}.Debug|x86.Build.0 = Debug|Any CPU
		{A99FAEBB-95EA-4395-9F7B-D2449A04F2AC}.Release|Any CPU.ActiveCfg = Release|Any CPU
		{A99FAEBB-95EA-4395-9F7B-D2449A04F2AC}.Release|Any CPU.Build.0 = Release|Any CPU
		{A99FAEBB-95EA-4395-9F7B-D2449A04F2AC}.Release|x64.ActiveCfg = Release|Any CPU
		{A99FAEBB-95EA-4395-9F7B-D2449A04F2AC}.Release|x64.Build.0 = Release|Any CPU
		{A99FAEBB-95EA-4395-9F7B-D2449A04F2AC}.Release|x86.ActiveCfg = Release|Any CPU
		{A99FAEBB-95EA-4395-9F7B-D2449A04F2AC}.Release|x86.Build.0 = Release|Any CPU
		{F910ED48-61F9-4FCB-95ED-2CFA04B1312E}.Debug|Any CPU.ActiveCfg = Debug|Any CPU
		{F910ED48-61F9-4FCB-95ED-2CFA04B1312E}.Debug|Any CPU.Build.0 = Debug|Any CPU
		{F910ED48-61F9-4FCB-95ED-2CFA04B1312E}.Debug|x64.ActiveCfg = Debug|Any CPU
		{F910ED48-61F9-4FCB-95ED-2CFA04B1312E}.Debug|x64.Build.0 = Debug|Any CPU
		{F910ED48-61F9-4FCB-95ED-2CFA04B1312E}.Debug|x86.ActiveCfg = Debug|Any CPU
		{F910ED48-61F9-4FCB-95ED-2CFA04B1312E}.Debug|x86.Build.0 = Debug|Any CPU
		{F910ED48-61F9-4FCB-95ED-2CFA04B1312E}.Release|Any CPU.ActiveCfg = Release|Any CPU
		{F910ED48-61F9-4FCB-95ED-2CFA04B1312E}.Release|Any CPU.Build.0 = Release|Any CPU
		{F910ED48-61F9-4FCB-95ED-2CFA04B1312E}.Release|x64.ActiveCfg = Release|Any CPU
		{F910ED48-61F9-4FCB-95ED-2CFA04B1312E}.Release|x64.Build.0 = Release|Any CPU
		{F910ED48-61F9-4FCB-95ED-2CFA04B1312E}.Release|x86.ActiveCfg = Release|Any CPU
		{F910ED48-61F9-4FCB-95ED-2CFA04B1312E}.Release|x86.Build.0 = Release|Any CPU
		{602C6144-8D12-4D38-B65E-59A054C2A25C}.Debug|Any CPU.ActiveCfg = Debug|Any CPU
		{602C6144-8D12-4D38-B65E-59A054C2A25C}.Debug|Any CPU.Build.0 = Debug|Any CPU
		{602C6144-8D12-4D38-B65E-59A054C2A25C}.Debug|x64.ActiveCfg = Debug|Any CPU
		{602C6144-8D12-4D38-B65E-59A054C2A25C}.Debug|x64.Build.0 = Debug|Any CPU
		{602C6144-8D12-4D38-B65E-59A054C2A25C}.Debug|x86.ActiveCfg = Debug|Any CPU
		{602C6144-8D12-4D38-B65E-59A054C2A25C}.Debug|x86.Build.0 = Debug|Any CPU
		{602C6144-8D12-4D38-B65E-59A054C2A25C}.Release|Any CPU.ActiveCfg = Release|Any CPU
		{602C6144-8D12-4D38-B65E-59A054C2A25C}.Release|Any CPU.Build.0 = Release|Any CPU
		{602C6144-8D12-4D38-B65E-59A054C2A25C}.Release|x64.ActiveCfg = Release|Any CPU
		{602C6144-8D12-4D38-B65E-59A054C2A25C}.Release|x64.Build.0 = Release|Any CPU
		{602C6144-8D12-4D38-B65E-59A054C2A25C}.Release|x86.ActiveCfg = Release|Any CPU
		{602C6144-8D12-4D38-B65E-59A054C2A25C}.Release|x86.Build.0 = Release|Any CPU
		{2313491A-FD33-4A7E-9B6C-35A75D51E822}.Debug|Any CPU.ActiveCfg = Debug|Any CPU
		{2313491A-FD33-4A7E-9B6C-35A75D51E822}.Debug|Any CPU.Build.0 = Debug|Any CPU
		{2313491A-FD33-4A7E-9B6C-35A75D51E822}.Debug|x64.ActiveCfg = Debug|Any CPU
		{2313491A-FD33-4A7E-9B6C-35A75D51E822}.Debug|x64.Build.0 = Debug|Any CPU
		{2313491A-FD33-4A7E-9B6C-35A75D51E822}.Debug|x86.ActiveCfg = Debug|Any CPU
		{2313491A-FD33-4A7E-9B6C-35A75D51E822}.Debug|x86.Build.0 = Debug|Any CPU
		{2313491A-FD33-4A7E-9B6C-35A75D51E822}.Release|Any CPU.ActiveCfg = Release|Any CPU
		{2313491A-FD33-4A7E-9B6C-35A75D51E822}.Release|Any CPU.Build.0 = Release|Any CPU
		{2313491A-FD33-4A7E-9B6C-35A75D51E822}.Release|x64.ActiveCfg = Release|Any CPU
		{2313491A-FD33-4A7E-9B6C-35A75D51E822}.Release|x64.Build.0 = Release|Any CPU
		{2313491A-FD33-4A7E-9B6C-35A75D51E822}.Release|x86.ActiveCfg = Release|Any CPU
		{2313491A-FD33-4A7E-9B6C-35A75D51E822}.Release|x86.Build.0 = Release|Any CPU
		{58F0E23B-022B-44EA-80E6-430C9DEFA068}.Debug|Any CPU.ActiveCfg = Debug|Any CPU
		{58F0E23B-022B-44EA-80E6-430C9DEFA068}.Debug|Any CPU.Build.0 = Debug|Any CPU
		{58F0E23B-022B-44EA-80E6-430C9DEFA068}.Debug|x64.ActiveCfg = Debug|Any CPU
		{58F0E23B-022B-44EA-80E6-430C9DEFA068}.Debug|x64.Build.0 = Debug|Any CPU
		{58F0E23B-022B-44EA-80E6-430C9DEFA068}.Debug|x86.ActiveCfg = Debug|Any CPU
		{58F0E23B-022B-44EA-80E6-430C9DEFA068}.Debug|x86.Build.0 = Debug|Any CPU
		{58F0E23B-022B-44EA-80E6-430C9DEFA068}.Release|Any CPU.ActiveCfg = Release|Any CPU
		{58F0E23B-022B-44EA-80E6-430C9DEFA068}.Release|Any CPU.Build.0 = Release|Any CPU
		{58F0E23B-022B-44EA-80E6-430C9DEFA068}.Release|x64.ActiveCfg = Release|Any CPU
		{58F0E23B-022B-44EA-80E6-430C9DEFA068}.Release|x64.Build.0 = Release|Any CPU
		{58F0E23B-022B-44EA-80E6-430C9DEFA068}.Release|x86.ActiveCfg = Release|Any CPU
		{58F0E23B-022B-44EA-80E6-430C9DEFA068}.Release|x86.Build.0 = Release|Any CPU
		{5B315692-6AE2-4637-9065-AE2EAE992A23}.Debug|Any CPU.ActiveCfg = Debug|Any CPU
		{5B315692-6AE2-4637-9065-AE2EAE992A23}.Debug|Any CPU.Build.0 = Debug|Any CPU
		{5B315692-6AE2-4637-9065-AE2EAE992A23}.Debug|x64.ActiveCfg = Debug|Any CPU
		{5B315692-6AE2-4637-9065-AE2EAE992A23}.Debug|x64.Build.0 = Debug|Any CPU
		{5B315692-6AE2-4637-9065-AE2EAE992A23}.Debug|x86.ActiveCfg = Debug|Any CPU
		{5B315692-6AE2-4637-9065-AE2EAE992A23}.Debug|x86.Build.0 = Debug|Any CPU
		{5B315692-6AE2-4637-9065-AE2EAE992A23}.Release|Any CPU.ActiveCfg = Release|Any CPU
		{5B315692-6AE2-4637-9065-AE2EAE992A23}.Release|Any CPU.Build.0 = Release|Any CPU
		{5B315692-6AE2-4637-9065-AE2EAE992A23}.Release|x64.ActiveCfg = Release|Any CPU
		{5B315692-6AE2-4637-9065-AE2EAE992A23}.Release|x64.Build.0 = Release|Any CPU
		{5B315692-6AE2-4637-9065-AE2EAE992A23}.Release|x86.ActiveCfg = Release|Any CPU
		{5B315692-6AE2-4637-9065-AE2EAE992A23}.Release|x86.Build.0 = Release|Any CPU
		{0FFF80F2-E753-4C30-AE92-07A8CD85B508}.Debug|Any CPU.ActiveCfg = Debug|Any CPU
		{0FFF80F2-E753-4C30-AE92-07A8CD85B508}.Debug|Any CPU.Build.0 = Debug|Any CPU
		{0FFF80F2-E753-4C30-AE92-07A8CD85B508}.Debug|x64.ActiveCfg = Debug|Any CPU
		{0FFF80F2-E753-4C30-AE92-07A8CD85B508}.Debug|x64.Build.0 = Debug|Any CPU
		{0FFF80F2-E753-4C30-AE92-07A8CD85B508}.Debug|x86.ActiveCfg = Debug|Any CPU
		{0FFF80F2-E753-4C30-AE92-07A8CD85B508}.Debug|x86.Build.0 = Debug|Any CPU
		{0FFF80F2-E753-4C30-AE92-07A8CD85B508}.Release|Any CPU.ActiveCfg = Release|Any CPU
		{0FFF80F2-E753-4C30-AE92-07A8CD85B508}.Release|Any CPU.Build.0 = Release|Any CPU
		{0FFF80F2-E753-4C30-AE92-07A8CD85B508}.Release|x64.ActiveCfg = Release|Any CPU
		{0FFF80F2-E753-4C30-AE92-07A8CD85B508}.Release|x64.Build.0 = Release|Any CPU
		{0FFF80F2-E753-4C30-AE92-07A8CD85B508}.Release|x86.ActiveCfg = Release|Any CPU
		{0FFF80F2-E753-4C30-AE92-07A8CD85B508}.Release|x86.Build.0 = Release|Any CPU
		{CF502A8D-4C3C-4891-935B-1715881DCAF5}.Debug|Any CPU.ActiveCfg = Debug|Any CPU
		{CF502A8D-4C3C-4891-935B-1715881DCAF5}.Debug|Any CPU.Build.0 = Debug|Any CPU
		{CF502A8D-4C3C-4891-935B-1715881DCAF5}.Debug|x64.ActiveCfg = Debug|Any CPU
		{CF502A8D-4C3C-4891-935B-1715881DCAF5}.Debug|x64.Build.0 = Debug|Any CPU
		{CF502A8D-4C3C-4891-935B-1715881DCAF5}.Debug|x86.ActiveCfg = Debug|Any CPU
		{CF502A8D-4C3C-4891-935B-1715881DCAF5}.Debug|x86.Build.0 = Debug|Any CPU
		{CF502A8D-4C3C-4891-935B-1715881DCAF5}.Release|Any CPU.ActiveCfg = Release|Any CPU
		{CF502A8D-4C3C-4891-935B-1715881DCAF5}.Release|Any CPU.Build.0 = Release|Any CPU
		{CF502A8D-4C3C-4891-935B-1715881DCAF5}.Release|x64.ActiveCfg = Release|Any CPU
		{CF502A8D-4C3C-4891-935B-1715881DCAF5}.Release|x64.Build.0 = Release|Any CPU
		{CF502A8D-4C3C-4891-935B-1715881DCAF5}.Release|x86.ActiveCfg = Release|Any CPU
		{CF502A8D-4C3C-4891-935B-1715881DCAF5}.Release|x86.Build.0 = Release|Any CPU
		{B7E12780-9814-45D0-B5F4-7D015C3ED5B4}.Debug|Any CPU.ActiveCfg = Debug|Any CPU
		{B7E12780-9814-45D0-B5F4-7D015C3ED5B4}.Debug|Any CPU.Build.0 = Debug|Any CPU
		{B7E12780-9814-45D0-B5F4-7D015C3ED5B4}.Debug|x64.ActiveCfg = Debug|Any CPU
		{B7E12780-9814-45D0-B5F4-7D015C3ED5B4}.Debug|x64.Build.0 = Debug|Any CPU
		{B7E12780-9814-45D0-B5F4-7D015C3ED5B4}.Debug|x86.ActiveCfg = Debug|Any CPU
		{B7E12780-9814-45D0-B5F4-7D015C3ED5B4}.Debug|x86.Build.0 = Debug|Any CPU
		{B7E12780-9814-45D0-B5F4-7D015C3ED5B4}.Release|Any CPU.ActiveCfg = Release|Any CPU
		{B7E12780-9814-45D0-B5F4-7D015C3ED5B4}.Release|Any CPU.Build.0 = Release|Any CPU
		{B7E12780-9814-45D0-B5F4-7D015C3ED5B4}.Release|x64.ActiveCfg = Release|Any CPU
		{B7E12780-9814-45D0-B5F4-7D015C3ED5B4}.Release|x64.Build.0 = Release|Any CPU
		{B7E12780-9814-45D0-B5F4-7D015C3ED5B4}.Release|x86.ActiveCfg = Release|Any CPU
		{B7E12780-9814-45D0-B5F4-7D015C3ED5B4}.Release|x86.Build.0 = Release|Any CPU
		{8074DC62-4D05-4E3B-AF73-40BFBFDC2605}.Debug|Any CPU.ActiveCfg = Debug|Any CPU
		{8074DC62-4D05-4E3B-AF73-40BFBFDC2605}.Debug|Any CPU.Build.0 = Debug|Any CPU
		{8074DC62-4D05-4E3B-AF73-40BFBFDC2605}.Debug|x64.ActiveCfg = Debug|Any CPU
		{8074DC62-4D05-4E3B-AF73-40BFBFDC2605}.Debug|x64.Build.0 = Debug|Any CPU
		{8074DC62-4D05-4E3B-AF73-40BFBFDC2605}.Debug|x86.ActiveCfg = Debug|Any CPU
		{8074DC62-4D05-4E3B-AF73-40BFBFDC2605}.Debug|x86.Build.0 = Debug|Any CPU
		{8074DC62-4D05-4E3B-AF73-40BFBFDC2605}.Release|Any CPU.ActiveCfg = Release|Any CPU
		{8074DC62-4D05-4E3B-AF73-40BFBFDC2605}.Release|Any CPU.Build.0 = Release|Any CPU
		{8074DC62-4D05-4E3B-AF73-40BFBFDC2605}.Release|x64.ActiveCfg = Release|Any CPU
		{8074DC62-4D05-4E3B-AF73-40BFBFDC2605}.Release|x64.Build.0 = Release|Any CPU
		{8074DC62-4D05-4E3B-AF73-40BFBFDC2605}.Release|x86.ActiveCfg = Release|Any CPU
		{8074DC62-4D05-4E3B-AF73-40BFBFDC2605}.Release|x86.Build.0 = Release|Any CPU
		{7AB6833F-724E-494F-AFD2-BFA7B2956958}.Debug|Any CPU.ActiveCfg = Debug|Any CPU
		{7AB6833F-724E-494F-AFD2-BFA7B2956958}.Debug|Any CPU.Build.0 = Debug|Any CPU
		{7AB6833F-724E-494F-AFD2-BFA7B2956958}.Debug|x64.ActiveCfg = Debug|Any CPU
		{7AB6833F-724E-494F-AFD2-BFA7B2956958}.Debug|x64.Build.0 = Debug|Any CPU
		{7AB6833F-724E-494F-AFD2-BFA7B2956958}.Debug|x86.ActiveCfg = Debug|Any CPU
		{7AB6833F-724E-494F-AFD2-BFA7B2956958}.Debug|x86.Build.0 = Debug|Any CPU
		{7AB6833F-724E-494F-AFD2-BFA7B2956958}.Release|Any CPU.ActiveCfg = Release|Any CPU
		{7AB6833F-724E-494F-AFD2-BFA7B2956958}.Release|Any CPU.Build.0 = Release|Any CPU
		{7AB6833F-724E-494F-AFD2-BFA7B2956958}.Release|x64.ActiveCfg = Release|Any CPU
		{7AB6833F-724E-494F-AFD2-BFA7B2956958}.Release|x64.Build.0 = Release|Any CPU
		{7AB6833F-724E-494F-AFD2-BFA7B2956958}.Release|x86.ActiveCfg = Release|Any CPU
		{7AB6833F-724E-494F-AFD2-BFA7B2956958}.Release|x86.Build.0 = Release|Any CPU
		{370E54F5-74CA-4F78-96E6-5EF66569577C}.Debug|Any CPU.ActiveCfg = Debug|Any CPU
		{370E54F5-74CA-4F78-96E6-5EF66569577C}.Debug|Any CPU.Build.0 = Debug|Any CPU
		{370E54F5-74CA-4F78-96E6-5EF66569577C}.Debug|x64.ActiveCfg = Debug|Any CPU
		{370E54F5-74CA-4F78-96E6-5EF66569577C}.Debug|x64.Build.0 = Debug|Any CPU
		{370E54F5-74CA-4F78-96E6-5EF66569577C}.Debug|x86.ActiveCfg = Debug|Any CPU
		{370E54F5-74CA-4F78-96E6-5EF66569577C}.Debug|x86.Build.0 = Debug|Any CPU
		{370E54F5-74CA-4F78-96E6-5EF66569577C}.Release|Any CPU.ActiveCfg = Release|Any CPU
		{370E54F5-74CA-4F78-96E6-5EF66569577C}.Release|Any CPU.Build.0 = Release|Any CPU
		{370E54F5-74CA-4F78-96E6-5EF66569577C}.Release|x64.ActiveCfg = Release|Any CPU
		{370E54F5-74CA-4F78-96E6-5EF66569577C}.Release|x64.Build.0 = Release|Any CPU
		{370E54F5-74CA-4F78-96E6-5EF66569577C}.Release|x86.ActiveCfg = Release|Any CPU
		{370E54F5-74CA-4F78-96E6-5EF66569577C}.Release|x86.Build.0 = Release|Any CPU
	EndGlobalSection
	GlobalSection(SolutionProperties) = preSolution
		HideSolutionNode = FALSE
	EndGlobalSection
	GlobalSection(NestedProjects) = preSolution
		{6D3054B6-5286-49DD-80C6-DFFC9D505495} = {D585295F-7994-3649-1065-7AA403C41681}
		{599B83B2-B7CC-4055-9317-58FB0725C5E0} = {D585295F-7994-3649-1065-7AA403C41681}
		{F790116D-5CCE-4E2E-A227-1CCDBC7259B7} = {D585295F-7994-3649-1065-7AA403C41681}
		{2A82A68C-B61B-4BD8-B6A2-3BBFDBCFA9A1} = {D585295F-7994-3649-1065-7AA403C41681}
		{BE467F02-22FE-4AF2-AD44-DC778C514CE3} = {2F3EF1A3-B2B0-B28C-122D-FFB85167A4CE}
		{5828974C-2ED1-4F86-811D-ABDC229FDA98} = {2F3EF1A3-B2B0-B28C-122D-FFB85167A4CE}
		{E13E16CB-15A7-45EA-84FB-6302814FF639} = {2F3EF1A3-B2B0-B28C-122D-FFB85167A4CE}
		{8C256C2A-75C1-45ED-969A-B90682AD4DD3} = {2F3EF1A3-B2B0-B28C-122D-FFB85167A4CE}
		{73E1E8A2-4C3D-46E1-888E-393C35070C29} = {2F3EF1A3-B2B0-B28C-122D-FFB85167A4CE}
		{E0FCB6E8-0FD7-4B66-91BF-123D0F1AFC47} = {2F3EF1A3-B2B0-B28C-122D-FFB85167A4CE}
		{7CBAB2AE-ED64-46B6-895A-859928B08F09} = {2F3EF1A3-B2B0-B28C-122D-FFB85167A4CE}
		{1DA526B1-F14B-4B46-9A2A-1EBADE70141B} = {2F3EF1A3-B2B0-B28C-122D-FFB85167A4CE}
		{2331F9A7-8AB3-4803-B91B-CD193D769111} = {2F3EF1A3-B2B0-B28C-122D-FFB85167A4CE}
		{0AD0F6E1-2BC6-454D-9398-1C03F5CAF26C} = {2F3EF1A3-B2B0-B28C-122D-FFB85167A4CE}
		{30BCB960-907E-4168-8D0F-4A77F257EC34} = {2F3EF1A3-B2B0-B28C-122D-FFB85167A4CE}
		{859EB7DD-D8E6-4189-B75E-7F6B2FDC1B31} = {2F3EF1A3-B2B0-B28C-122D-FFB85167A4CE}
		{FA43E387-DF16-4970-87C5-C39442ED518B} = {2F3EF1A3-B2B0-B28C-122D-FFB85167A4CE}
		{274BF18A-D14F-40C4-56D5-244E80D794A2} = {CA253913-39DE-BFD0-C9A3-4B7EC6FBDF17}
		{3F89BB8E-6D36-47D7-9B0C-9F168AA2D9A9} = {274BF18A-D14F-40C4-56D5-244E80D794A2}
		{23888993-7CC9-38E9-B4E3-6583932F61C3} = {CA253913-39DE-BFD0-C9A3-4B7EC6FBDF17}
		{478EB590-4ACF-4B22-BF0D-82B5A36523FF} = {23888993-7CC9-38E9-B4E3-6583932F61C3}
		{AD8C9B88-DBE6-4BD3-9771-F690EFAE26F5} = {23888993-7CC9-38E9-B4E3-6583932F61C3}
		{1EE71D99-7E47-0813-2A10-39FB4E3C0DDC} = {CA253913-39DE-BFD0-C9A3-4B7EC6FBDF17}
		{32B485DE-1765-4253-9D6F-71CF6457D85B} = {1EE71D99-7E47-0813-2A10-39FB4E3C0DDC}
		{C61AC04F-0517-BE09-B648-1B01CF353285} = {CA253913-39DE-BFD0-C9A3-4B7EC6FBDF17}
		{6DF159B0-2163-4FBF-B6C8-4DB988B3AE3E} = {C61AC04F-0517-BE09-B648-1B01CF353285}
		{91810E59-A8EA-317C-B296-8D9CFB55D14B} = {CA253913-39DE-BFD0-C9A3-4B7EC6FBDF17}
		{5497F20A-EB0E-4008-AD09-3C0C29F89FFA} = {91810E59-A8EA-317C-B296-8D9CFB55D14B}
		{1E7AA956-5BF1-DCE1-4DD9-4DF3FD3C1A1F} = {CA253913-39DE-BFD0-C9A3-4B7EC6FBDF17}
		{3730E019-F030-4B7D-BC54-AD1C60C96873} = {1E7AA956-5BF1-DCE1-4DD9-4DF3FD3C1A1F}
		{618E8AFC-8D94-47DC-B3F2-A947CADE9C1A} = {1E7AA956-5BF1-DCE1-4DD9-4DF3FD3C1A1F}
		{43CA5048-1E06-4963-A4A4-3AD31268C249} = {1E7AA956-5BF1-DCE1-4DD9-4DF3FD3C1A1F}
		{A5224F41-B248-4ACF-A6CB-67E621A5F59A} = {1E7AA956-5BF1-DCE1-4DD9-4DF3FD3C1A1F}
		{317DDC9A-FD09-4338-88D3-EDFBD0B88938} = {1E7AA956-5BF1-DCE1-4DD9-4DF3FD3C1A1F}
		{5AC25216-13B1-4C63-BA16-5476BBC4DBEA} = {1E7AA956-5BF1-DCE1-4DD9-4DF3FD3C1A1F}
		{4AC0FF29-0BAC-4C5F-9B93-181A8A614449} = {1E7AA956-5BF1-DCE1-4DD9-4DF3FD3C1A1F}
		{B473C75B-80E6-4835-A4D2-33190E8FE134} = {1E7AA956-5BF1-DCE1-4DD9-4DF3FD3C1A1F}
		{FE441CF0-8B71-402B-924D-AE035CADE4C6} = {1E7AA956-5BF1-DCE1-4DD9-4DF3FD3C1A1F}
		{D6D7B877-D295-463A-AD64-BBE10B625C81} = {1E7AA956-5BF1-DCE1-4DD9-4DF3FD3C1A1F}
		{F0567C3F-C58B-41C2-BF8B-CBCF20C1D7A2} = {1E7AA956-5BF1-DCE1-4DD9-4DF3FD3C1A1F}
		{04E85CC4-6F59-47FF-9BB8-DD5B18DD2F95} = {1E7AA956-5BF1-DCE1-4DD9-4DF3FD3C1A1F}
		{2A66AE23-BE83-42D3-8D5B-F6D67D0FE44B} = {1E7AA956-5BF1-DCE1-4DD9-4DF3FD3C1A1F}
		{314E7E39-ACF1-4AFA-9A3F-20D9F0741FE0} = {1E7AA956-5BF1-DCE1-4DD9-4DF3FD3C1A1F}
		{A99FAEBB-95EA-4395-9F7B-D2449A04F2AC} = {1E7AA956-5BF1-DCE1-4DD9-4DF3FD3C1A1F}
		{F910ED48-61F9-4FCB-95ED-2CFA04B1312E} = {1E7AA956-5BF1-DCE1-4DD9-4DF3FD3C1A1F}
		{602C6144-8D12-4D38-B65E-59A054C2A25C} = {1E7AA956-5BF1-DCE1-4DD9-4DF3FD3C1A1F}
		{2313491A-FD33-4A7E-9B6C-35A75D51E822} = {1E7AA956-5BF1-DCE1-4DD9-4DF3FD3C1A1F}
		{58F0E23B-022B-44EA-80E6-430C9DEFA068} = {1E7AA956-5BF1-DCE1-4DD9-4DF3FD3C1A1F}
		{5B315692-6AE2-4637-9065-AE2EAE992A23} = {1E7AA956-5BF1-DCE1-4DD9-4DF3FD3C1A1F}
		{0FFF80F2-E753-4C30-AE92-07A8CD85B508} = {1E7AA956-5BF1-DCE1-4DD9-4DF3FD3C1A1F}
		{CF502A8D-4C3C-4891-935B-1715881DCAF5} = {1E7AA956-5BF1-DCE1-4DD9-4DF3FD3C1A1F}
		{C54764F2-D317-C05E-3708-3AAC04AAC75B} = {CA253913-39DE-BFD0-C9A3-4B7EC6FBDF17}
		{293C06CD-4E17-48BD-9F3B-B5ADDFFA9425} = {CA253913-39DE-BFD0-C9A3-4B7EC6FBDF17}
		{B086A171-7A4C-5971-D3E1-4B37A72E0FFF} = {CA253913-39DE-BFD0-C9A3-4B7EC6FBDF17}
		{025C6D89-BADF-5060-04CB-B120AC723B3B} = {CA253913-39DE-BFD0-C9A3-4B7EC6FBDF17}
		{C48DE5F0-FD90-9CC4-BE72-D47575E80D5E} = {CA253913-39DE-BFD0-C9A3-4B7EC6FBDF17}
		{ABC2E59C-A996-0B95-05B1-4FFA27C19BB8} = {CA253913-39DE-BFD0-C9A3-4B7EC6FBDF17}
		{58AB0698-C520-3E11-235A-4770F2EC0B89} = {CA253913-39DE-BFD0-C9A3-4B7EC6FBDF17}
		{9D2ABF85-247E-F9CA-AE28-F7D77C8FB788} = {CA253913-39DE-BFD0-C9A3-4B7EC6FBDF17}
		{406CBCBF-3E98-14B0-2758-79E71C8F6235} = {CA253913-39DE-BFD0-C9A3-4B7EC6FBDF17}
		{9E7CE5EA-8731-31A8-BCCF-7846AB70778A} = {CA253913-39DE-BFD0-C9A3-4B7EC6FBDF17}
		{1530C81B-2962-E41A-5E94-A53051F9E233} = {CA253913-39DE-BFD0-C9A3-4B7EC6FBDF17}
		{B7E12780-9814-45D0-B5F4-7D015C3ED5B4} = {30DC08FC-3E98-6757-484C-7F83F687C538}
		{8074DC62-4D05-4E3B-AF73-40BFBFDC2605} = {0AB3BF05-4346-4AA6-1389-037BE0695223}
		{7AB6833F-724E-494F-AFD2-BFA7B2956958} = {0AB3BF05-4346-4AA6-1389-037BE0695223}
		{370E54F5-74CA-4F78-96E6-5EF66569577C} = {0AB3BF05-4346-4AA6-1389-037BE0695223}
	EndGlobalSection
EndGlobal
